// !$*UTF8*$!
{
	archiveVersion = 1;
	classes = {
	};
	objectVersion = 55;
	objects = {

/* Begin PBXBuildFile section */
		DE0ACEFC28A266EF00F32C36 /* MoveApp.swift in Sources */ = {isa = PBXBuildFile; fileRef = DE0ACEFB28A266EF00F32C36 /* MoveApp.swift */; };
		DE0ACEFE28A266EF00F32C36 /* ContentView.swift in Sources */ = {isa = PBXBuildFile; fileRef = DE0ACEFD28A266EF00F32C36 /* ContentView.swift */; };
		DE0ACF0028A266F000F32C36 /* Assets.xcassets in Resources */ = {isa = PBXBuildFile; fileRef = DE0ACEFF28A266F000F32C36 /* Assets.xcassets */; };
		DE0ACF0328A266F000F32C36 /* Preview Assets.xcassets in Resources */ = {isa = PBXBuildFile; fileRef = DE0ACF0228A266F000F32C36 /* Preview Assets.xcassets */; };
		DE0ACF0A28A2737E00F32C36 /* ColorExtension.swift in Sources */ = {isa = PBXBuildFile; fileRef = DE0ACF0928A2737E00F32C36 /* ColorExtension.swift */; };
		DE0ACF0D28A39BC900F32C36 /* SplashView.swift in Sources */ = {isa = PBXBuildFile; fileRef = DE0ACF0C28A39BC900F32C36 /* SplashView.swift */; };
		DE0D3F3E28D0684F00ED20F1 /* ReuseIdentifiers.swift in Sources */ = {isa = PBXBuildFile; fileRef = DE0D3F3D28D0684F00ED20F1 /* ReuseIdentifiers.swift */; };
		DE156DDB28B36D7A001C6A44 /* ForgotPasswordView.swift in Sources */ = {isa = PBXBuildFile; fileRef = DE156DDA28B36D7A001C6A44 /* ForgotPasswordView.swift */; };
		DE1B96BF28D0B261007D8FD6 /* GeocoderProxy.swift in Sources */ = {isa = PBXBuildFile; fileRef = DE1B96BE28D0B261007D8FD6 /* GeocoderProxy.swift */; };
		DE1FEB5828AB9C840019CE5A /* FilledButton.swift in Sources */ = {isa = PBXBuildFile; fileRef = DE1FEB5728AB9C840019CE5A /* FilledButton.swift */; };
		DE1FEB5A28ABB2380019CE5A /* SignUpView.swift in Sources */ = {isa = PBXBuildFile; fileRef = DE1FEB5928ABB2380019CE5A /* SignUpView.swift */; };
		DE1FEB5C28ABCB9B0019CE5A /* FloatingTextField.swift in Sources */ = {isa = PBXBuildFile; fileRef = DE1FEB5B28ABCB9B0019CE5A /* FloatingTextField.swift */; };
		DE28ECD128C1E5C3007AA04C /* LoadingBehaviour.swift in Sources */ = {isa = PBXBuildFile; fileRef = DE28ECD028C1E5C3007AA04C /* LoadingBehaviour.swift */; };
		DE28ECD428C1F23A007AA04C /* ErrorHandler.swift in Sources */ = {isa = PBXBuildFile; fileRef = DE28ECD328C1F23A007AA04C /* ErrorHandler.swift */; };
		DE28ECD728C1F26C007AA04C /* SwiftMessages in Frameworks */ = {isa = PBXBuildFile; productRef = DE28ECD628C1F26C007AA04C /* SwiftMessages */; };
		DE28ECDA28C1FB04007AA04C /* APIConfig.swift in Sources */ = {isa = PBXBuildFile; fileRef = DE28ECD928C1FB04007AA04C /* APIConfig.swift */; };
		DE28ECDC28C1FB40007AA04C /* APIError.swift in Sources */ = {isa = PBXBuildFile; fileRef = DE28ECDB28C1FB40007AA04C /* APIError.swift */; };
		DE28ECDE28C228D6007AA04C /* AuthenticationResponse.swift in Sources */ = {isa = PBXBuildFile; fileRef = DE28ECDD28C228D6007AA04C /* AuthenticationResponse.swift */; };
		DE2B228328A3B27000BAE7F5 /* OnboardingView.swift in Sources */ = {isa = PBXBuildFile; fileRef = DE2B228228A3B27000BAE7F5 /* OnboardingView.swift */; };
		DE2B228528A4EDB500BAE7F5 /* Constants.swift in Sources */ = {isa = PBXBuildFile; fileRef = DE2B228428A4EDB500BAE7F5 /* Constants.swift */; };
		DE2B228828A4F39200BAE7F5 /* OnboardingCoordinatorView.swift in Sources */ = {isa = PBXBuildFile; fileRef = DE2B228728A4F39200BAE7F5 /* OnboardingCoordinatorView.swift */; };
		DE2B229A28A50CFC00BAE7F5 /* BaiJamjuree-Italic.ttf in Resources */ = {isa = PBXBuildFile; fileRef = DE2B228D28A50CFC00BAE7F5 /* BaiJamjuree-Italic.ttf */; };
		DE2B229B28A50CFC00BAE7F5 /* BaiJamjuree-Regular.ttf in Resources */ = {isa = PBXBuildFile; fileRef = DE2B228E28A50CFC00BAE7F5 /* BaiJamjuree-Regular.ttf */; };
		DE2B229C28A50CFC00BAE7F5 /* BaiJamjuree-Light.ttf in Resources */ = {isa = PBXBuildFile; fileRef = DE2B228F28A50CFC00BAE7F5 /* BaiJamjuree-Light.ttf */; };
		DE2B229D28A50CFC00BAE7F5 /* BaiJamjuree-SemiBoldItalic.ttf in Resources */ = {isa = PBXBuildFile; fileRef = DE2B229028A50CFC00BAE7F5 /* BaiJamjuree-SemiBoldItalic.ttf */; };
		DE2B229E28A50CFC00BAE7F5 /* BaiJamjuree-MediumItalic.ttf in Resources */ = {isa = PBXBuildFile; fileRef = DE2B229128A50CFC00BAE7F5 /* BaiJamjuree-MediumItalic.ttf */; };
		DE2B229F28A50CFC00BAE7F5 /* BaiJamjuree-LightItalic.ttf in Resources */ = {isa = PBXBuildFile; fileRef = DE2B229228A50CFC00BAE7F5 /* BaiJamjuree-LightItalic.ttf */; };
		DE2B22A028A50CFC00BAE7F5 /* BaiJamjuree-ExtraLightItalic.ttf in Resources */ = {isa = PBXBuildFile; fileRef = DE2B229328A50CFC00BAE7F5 /* BaiJamjuree-ExtraLightItalic.ttf */; };
		DE2B22A128A50CFC00BAE7F5 /* BaiJamjuree-Bold.ttf in Resources */ = {isa = PBXBuildFile; fileRef = DE2B229428A50CFC00BAE7F5 /* BaiJamjuree-Bold.ttf */; };
		DE2B22A228A50CFC00BAE7F5 /* BaiJamjuree-ExtraLight.ttf in Resources */ = {isa = PBXBuildFile; fileRef = DE2B229528A50CFC00BAE7F5 /* BaiJamjuree-ExtraLight.ttf */; };
		DE2B22A328A50CFC00BAE7F5 /* OFL.txt in Resources */ = {isa = PBXBuildFile; fileRef = DE2B229628A50CFC00BAE7F5 /* OFL.txt */; };
		DE2B22A428A50CFC00BAE7F5 /* BaiJamjuree-SemiBold.ttf in Resources */ = {isa = PBXBuildFile; fileRef = DE2B229728A50CFC00BAE7F5 /* BaiJamjuree-SemiBold.ttf */; };
		DE2B22A528A50CFC00BAE7F5 /* BaiJamjuree-BoldItalic.ttf in Resources */ = {isa = PBXBuildFile; fileRef = DE2B229828A50CFC00BAE7F5 /* BaiJamjuree-BoldItalic.ttf */; };
		DE2B22A628A50CFC00BAE7F5 /* BaiJamjuree-Medium.ttf in Resources */ = {isa = PBXBuildFile; fileRef = DE2B229928A50CFC00BAE7F5 /* BaiJamjuree-Medium.ttf */; };
		DE2F523528A63574007762BA /* MainCoordinatorView.swift in Sources */ = {isa = PBXBuildFile; fileRef = DE2F523428A63574007762BA /* MainCoordinatorView.swift */; };
		DE2F523828A64511007762BA /* OnboardingCoordinatorViewModel.swift in Sources */ = {isa = PBXBuildFile; fileRef = DE2F523728A64511007762BA /* OnboardingCoordinatorViewModel.swift */; };
		DE2F523B28A64541007762BA /* MainCoordinatorViewModel.swift in Sources */ = {isa = PBXBuildFile; fileRef = DE2F523A28A64541007762BA /* MainCoordinatorViewModel.swift */; };
		DE2F523E28A6462E007762BA /* PurpleBackgroundView.swift in Sources */ = {isa = PBXBuildFile; fileRef = DE2F523D28A6462E007762BA /* PurpleBackgroundView.swift */; };
		DE33D17B28C08A37008A8EA2 /* AuthenticationHeaderView.swift in Sources */ = {isa = PBXBuildFile; fileRef = DE33D17A28C08A37008A8EA2 /* AuthenticationHeaderView.swift */; };
		DE33D17E28C0E681008A8EA2 /* ActivityIndicatorView in Frameworks */ = {isa = PBXBuildFile; productRef = DE33D17D28C0E681008A8EA2 /* ActivityIndicatorView */; };
		DE33D18228C0E91B008A8EA2 /* ActivityIndicator.swift in Sources */ = {isa = PBXBuildFile; fileRef = DE33D18128C0E91B008A8EA2 /* ActivityIndicator.swift */; };
		DE39E5DA28D302190069C71D /* ScooterCardViewModel.swift in Sources */ = {isa = PBXBuildFile; fileRef = DE39E5D928D302190069C71D /* ScooterCardViewModel.swift */; };
		DE39E5DC28D313510069C71D /* MapCoordinatorView.swift in Sources */ = {isa = PBXBuildFile; fileRef = DE39E5DB28D313510069C71D /* MapCoordinatorView.swift */; };
		DE39E5DE28D314510069C71D /* UnlockScooterBottomSheetView.swift in Sources */ = {isa = PBXBuildFile; fileRef = DE39E5DD28D314510069C71D /* UnlockScooterBottomSheetView.swift */; };
		DE39E5E028D339360069C71D /* BorderedRoundedIconButton.swift in Sources */ = {isa = PBXBuildFile; fileRef = DE39E5DF28D339360069C71D /* BorderedRoundedIconButton.swift */; };
		DE39E5E328D34B140069C71D /* HalfSheet.swift in Sources */ = {isa = PBXBuildFile; fileRef = DE39E5E228D34B140069C71D /* HalfSheet.swift */; };
		DE39E5E528D34B440069C71D /* MySheetHostingController.swift in Sources */ = {isa = PBXBuildFile; fileRef = DE39E5E428D34B440069C71D /* MySheetHostingController.swift */; };
		DE39E5E728D352100069C71D /* BatteryView.swift in Sources */ = {isa = PBXBuildFile; fileRef = DE39E5E628D352100069C71D /* BatteryView.swift */; };
		DE39E5E928D48C410069C71D /* SerialNumberUnlockView.swift in Sources */ = {isa = PBXBuildFile; fileRef = DE39E5E828D48C410069C71D /* SerialNumberUnlockView.swift */; };
		DE3DC3A228DB3FE5005122B5 /* MapCoordinatorViewModel.swift in Sources */ = {isa = PBXBuildFile; fileRef = DE3DC3A128DB3FE5005122B5 /* MapCoordinatorViewModel.swift */; };
		DE3DC3A428DB6F18005122B5 /* UnlockScooterResponse.swift in Sources */ = {isa = PBXBuildFile; fileRef = DE3DC3A328DB6F17005122B5 /* UnlockScooterResponse.swift */; };
		DE43FCD028B78BC100CBD130 /* User.swift in Sources */ = {isa = PBXBuildFile; fileRef = DE43FCCF28B78BC100CBD130 /* User.swift */; };
		DE43FCD328B78F7A00CBD130 /* AuthenticationAPIService.swift in Sources */ = {isa = PBXBuildFile; fileRef = DE43FCD228B78F7A00CBD130 /* AuthenticationAPIService.swift */; };
		DE43FCD828BCAAC900CBD130 /* Alamofire in Frameworks */ = {isa = PBXBuildFile; productRef = DE43FCD728BCAAC900CBD130 /* Alamofire */; };
		DE46BC2728C232630061F800 /* DrivingLicensePendingVerificationView.swift in Sources */ = {isa = PBXBuildFile; fileRef = DE46BC2628C232630061F800 /* DrivingLicensePendingVerificationView.swift */; };
		DE46BC2928C232F20061F800 /* DrivingLicensePendingVerificationViewModel.swift in Sources */ = {isa = PBXBuildFile; fileRef = DE46BC2828C232F20061F800 /* DrivingLicensePendingVerificationViewModel.swift */; };
		DE46BC2B28C2355F0061F800 /* ValidLicenseView.swift in Sources */ = {isa = PBXBuildFile; fileRef = DE46BC2A28C2355F0061F800 /* ValidLicenseView.swift */; };
		DE46BC2F28C5E1050061F800 /* AuthenticationService.swift in Sources */ = {isa = PBXBuildFile; fileRef = DE46BC2E28C5E1050061F800 /* AuthenticationService.swift */; };
		DE46BC3128C5E1250061F800 /* DrivingLicenseService.swift in Sources */ = {isa = PBXBuildFile; fileRef = DE46BC3028C5E1250061F800 /* DrivingLicenseService.swift */; };
		DE46BC3328C604BA0061F800 /* UserDTO.swift in Sources */ = {isa = PBXBuildFile; fileRef = DE46BC3228C604BA0061F800 /* UserDTO.swift */; };
		DE46BC3628C608AC0061F800 /* VerificationResponse.swift in Sources */ = {isa = PBXBuildFile; fileRef = DE46BC3528C608AC0061F800 /* VerificationResponse.swift */; };
		DE46BC3A28C60B4A0061F800 /* DrivingLicenseVerificationCoordinatorView.swift in Sources */ = {isa = PBXBuildFile; fileRef = DE46BC3928C60B4A0061F800 /* DrivingLicenseVerificationCoordinatorView.swift */; };
		DE4AABA028C61430004AC99F /* ScooterMapView.swift in Sources */ = {isa = PBXBuildFile; fileRef = DE4AAB9F28C61430004AC99F /* ScooterMapView.swift */; };
		DE4AABA228C76354004AC99F /* MapScreenViewModel.swift in Sources */ = {isa = PBXBuildFile; fileRef = DE4AABA128C76354004AC99F /* MapScreenViewModel.swift */; };
		DE4AABA428C763F2004AC99F /* ScooterService.swift in Sources */ = {isa = PBXBuildFile; fileRef = DE4AABA328C763F2004AC99F /* ScooterService.swift */; };
		DE4AABA628C76451004AC99F /* Scooter.swift in Sources */ = {isa = PBXBuildFile; fileRef = DE4AABA528C76451004AC99F /* Scooter.swift */; };
		DE4AABA928C76504004AC99F /* ScooterAPIService.swift in Sources */ = {isa = PBXBuildFile; fileRef = DE4AABA828C76504004AC99F /* ScooterAPIService.swift */; };
		DE4AABAC28C7655B004AC99F /* ScooterMockedService.swift in Sources */ = {isa = PBXBuildFile; fileRef = DE4AABAB28C7655B004AC99F /* ScooterMockedService.swift */; };
		DE4AABAE28C76911004AC99F /* Coordinates.swift in Sources */ = {isa = PBXBuildFile; fileRef = DE4AABAD28C76911004AC99F /* Coordinates.swift */; };
		DE4AABB028C77A7F004AC99F /* SessionManager.swift in Sources */ = {isa = PBXBuildFile; fileRef = DE4AABAF28C77A7F004AC99F /* SessionManager.swift */; };
		DE4AABB228C88EED004AC99F /* MapScreenView.swift in Sources */ = {isa = PBXBuildFile; fileRef = DE4AABB128C88EED004AC99F /* MapScreenView.swift */; };
		DE4AABB528C890E9004AC99F /* ScooterAnnotation.swift in Sources */ = {isa = PBXBuildFile; fileRef = DE4AABB428C890E9004AC99F /* ScooterAnnotation.swift */; };
		DE4AABB828C8C578004AC99F /* ScooterMapViewModel.swift in Sources */ = {isa = PBXBuildFile; fileRef = DE4AABB728C8C578004AC99F /* ScooterMapViewModel.swift */; };
		DE4AABBB28C8E120004AC99F /* ScooterCardView.swift in Sources */ = {isa = PBXBuildFile; fileRef = DE4AABBA28C8E120004AC99F /* ScooterCardView.swift */; };
		DE4AABBE28C9F4CC004AC99F /* TransparentButton.swift in Sources */ = {isa = PBXBuildFile; fileRef = DE4AABBD28C9F4CC004AC99F /* TransparentButton.swift */; };
		DE4AABC028C9F56D004AC99F /* RoundedIconButton.swift in Sources */ = {isa = PBXBuildFile; fileRef = DE4AABBF28C9F56D004AC99F /* RoundedIconButton.swift */; };
		DE4AABC428CA2337004AC99F /* ScooterDTO.swift in Sources */ = {isa = PBXBuildFile; fileRef = DE4AABC328CA2337004AC99F /* ScooterDTO.swift */; };
		DE4AABC628CA27C7004AC99F /* GetScootersResponse.swift in Sources */ = {isa = PBXBuildFile; fileRef = DE4AABC528CA27C7004AC99F /* GetScootersResponse.swift */; };
		DE717B8328D8567A00D0E3FD /* PinTextField.swift in Sources */ = {isa = PBXBuildFile; fileRef = DE717B8228D8567A00D0E3FD /* PinTextField.swift */; };
		DE717B8628D9A58000D0E3FD /* DigitView.swift in Sources */ = {isa = PBXBuildFile; fileRef = DE717B8528D9A58000D0E3FD /* DigitView.swift */; };
		DE717B8828D9A5DB00D0E3FD /* StringExtension.swift in Sources */ = {isa = PBXBuildFile; fileRef = DE717B8728D9A5DB00D0E3FD /* StringExtension.swift */; };
		DE717B8A28D9E44800D0E3FD /* SerialNumberUnlockViewModel.swift in Sources */ = {isa = PBXBuildFile; fileRef = DE717B8928D9E44800D0E3FD /* SerialNumberUnlockViewModel.swift */; };
		DE717B8C28D9E63B00D0E3FD /* UnlockSuccessfulView.swift in Sources */ = {isa = PBXBuildFile; fileRef = DE717B8B28D9E63B00D0E3FD /* UnlockSuccessfulView.swift */; };
		DE8388C628A5143400A0908D /* FontExtension.swift in Sources */ = {isa = PBXBuildFile; fileRef = DE8388C528A5143400A0908D /* FontExtension.swift */; };
		DE882D5128ACE00000C8DA17 /* SignUpViewModel.swift in Sources */ = {isa = PBXBuildFile; fileRef = DE882D5028ACE00000C8DA17 /* SignUpViewModel.swift */; };
		DE882D5428AD03B700C8DA17 /* OnboardingDataModel.swift in Sources */ = {isa = PBXBuildFile; fileRef = DE882D5328AD03B700C8DA17 /* OnboardingDataModel.swift */; };
		DE882D5628AD14E000C8DA17 /* AuthenticationCoordinatorView.swift in Sources */ = {isa = PBXBuildFile; fileRef = DE882D5528AD14E000C8DA17 /* AuthenticationCoordinatorView.swift */; };
		DE882D5928AE613300C8DA17 /* LoginView.swift in Sources */ = {isa = PBXBuildFile; fileRef = DE882D5828AE613300C8DA17 /* LoginView.swift */; };
		DE882D5C28AE659B00C8DA17 /* LoginViewModel.swift in Sources */ = {isa = PBXBuildFile; fileRef = DE882D5B28AE659B00C8DA17 /* LoginViewModel.swift */; };
		DE882D6028AE6B1A00C8DA17 /* PreviewDevices.swift in Sources */ = {isa = PBXBuildFile; fileRef = DE882D5F28AE6B1A00C8DA17 /* PreviewDevices.swift */; };
		DE9E3F3628BCDD6700B98FEE /* Validation.swift in Sources */ = {isa = PBXBuildFile; fileRef = DE9E3F3528BCDD6700B98FEE /* Validation.swift */; };
		DE9E3F3B28BCE7C500B98FEE /* DrivingLicenseVerificationView.swift in Sources */ = {isa = PBXBuildFile; fileRef = DE9E3F3A28BCE7C500B98FEE /* DrivingLicenseVerificationView.swift */; };
		DE9E3F3F28BE2D0900B98FEE /* ImagePicker.swift in Sources */ = {isa = PBXBuildFile; fileRef = DE9E3F3E28BE2D0900B98FEE /* ImagePicker.swift */; };
		DE9E3F4428BE47A400B98FEE /* ScannerView.swift in Sources */ = {isa = PBXBuildFile; fileRef = DE9E3F4328BE47A400B98FEE /* ScannerView.swift */; };
		DE9E3F4728BF38F900B98FEE /* DrivingLicenseVerificationViewModel.swift in Sources */ = {isa = PBXBuildFile; fileRef = DE9E3F4628BF38F900B98FEE /* DrivingLicenseVerificationViewModel.swift */; };
		DE9E3F4928BF397800B98FEE /* DrivingLicenseAPIService.swift in Sources */ = {isa = PBXBuildFile; fileRef = DE9E3F4828BF397800B98FEE /* DrivingLicenseAPIService.swift */; };
		DE9E3F5328BF934400B98FEE /* FloatingSecureField.swift in Sources */ = {isa = PBXBuildFile; fileRef = DE9E3F5228BF934400B98FEE /* FloatingSecureField.swift */; };
/* End PBXBuildFile section */

/* Begin PBXFileReference section */
		DE0ACEF828A266EF00F32C36 /* Move.app */ = {isa = PBXFileReference; explicitFileType = wrapper.application; includeInIndex = 0; path = Move.app; sourceTree = BUILT_PRODUCTS_DIR; };
		DE0ACEFB28A266EF00F32C36 /* MoveApp.swift */ = {isa = PBXFileReference; lastKnownFileType = sourcecode.swift; path = MoveApp.swift; sourceTree = "<group>"; };
		DE0ACEFD28A266EF00F32C36 /* ContentView.swift */ = {isa = PBXFileReference; lastKnownFileType = sourcecode.swift; path = ContentView.swift; sourceTree = "<group>"; };
		DE0ACEFF28A266F000F32C36 /* Assets.xcassets */ = {isa = PBXFileReference; lastKnownFileType = folder.assetcatalog; path = Assets.xcassets; sourceTree = "<group>"; };
		DE0ACF0228A266F000F32C36 /* Preview Assets.xcassets */ = {isa = PBXFileReference; lastKnownFileType = folder.assetcatalog; path = "Preview Assets.xcassets"; sourceTree = "<group>"; };
		DE0ACF0928A2737E00F32C36 /* ColorExtension.swift */ = {isa = PBXFileReference; lastKnownFileType = sourcecode.swift; path = ColorExtension.swift; sourceTree = "<group>"; };
		DE0ACF0C28A39BC900F32C36 /* SplashView.swift */ = {isa = PBXFileReference; lastKnownFileType = sourcecode.swift; path = SplashView.swift; sourceTree = "<group>"; };
		DE0D3F3D28D0684F00ED20F1 /* ReuseIdentifiers.swift */ = {isa = PBXFileReference; lastKnownFileType = sourcecode.swift; path = ReuseIdentifiers.swift; sourceTree = "<group>"; };
		DE156DDA28B36D7A001C6A44 /* ForgotPasswordView.swift */ = {isa = PBXFileReference; lastKnownFileType = sourcecode.swift; path = ForgotPasswordView.swift; sourceTree = "<group>"; };
		DE1B96BE28D0B261007D8FD6 /* GeocoderProxy.swift */ = {isa = PBXFileReference; lastKnownFileType = sourcecode.swift; path = GeocoderProxy.swift; sourceTree = "<group>"; };
		DE1FEB5728AB9C840019CE5A /* FilledButton.swift */ = {isa = PBXFileReference; lastKnownFileType = sourcecode.swift; path = FilledButton.swift; sourceTree = "<group>"; };
		DE1FEB5928ABB2380019CE5A /* SignUpView.swift */ = {isa = PBXFileReference; lastKnownFileType = sourcecode.swift; path = SignUpView.swift; sourceTree = "<group>"; };
		DE1FEB5B28ABCB9B0019CE5A /* FloatingTextField.swift */ = {isa = PBXFileReference; lastKnownFileType = sourcecode.swift; path = FloatingTextField.swift; sourceTree = "<group>"; };
		DE28ECD028C1E5C3007AA04C /* LoadingBehaviour.swift */ = {isa = PBXFileReference; lastKnownFileType = sourcecode.swift; path = LoadingBehaviour.swift; sourceTree = "<group>"; };
		DE28ECD328C1F23A007AA04C /* ErrorHandler.swift */ = {isa = PBXFileReference; lastKnownFileType = sourcecode.swift; path = ErrorHandler.swift; sourceTree = "<group>"; };
		DE28ECD928C1FB04007AA04C /* APIConfig.swift */ = {isa = PBXFileReference; lastKnownFileType = sourcecode.swift; path = APIConfig.swift; sourceTree = "<group>"; };
		DE28ECDB28C1FB40007AA04C /* APIError.swift */ = {isa = PBXFileReference; lastKnownFileType = sourcecode.swift; path = APIError.swift; sourceTree = "<group>"; };
		DE28ECDD28C228D6007AA04C /* AuthenticationResponse.swift */ = {isa = PBXFileReference; lastKnownFileType = sourcecode.swift; path = AuthenticationResponse.swift; sourceTree = "<group>"; };
		DE2B228228A3B27000BAE7F5 /* OnboardingView.swift */ = {isa = PBXFileReference; lastKnownFileType = sourcecode.swift; path = OnboardingView.swift; sourceTree = "<group>"; };
		DE2B228428A4EDB500BAE7F5 /* Constants.swift */ = {isa = PBXFileReference; lastKnownFileType = sourcecode.swift; path = Constants.swift; sourceTree = "<group>"; };
		DE2B228728A4F39200BAE7F5 /* OnboardingCoordinatorView.swift */ = {isa = PBXFileReference; lastKnownFileType = sourcecode.swift; path = OnboardingCoordinatorView.swift; sourceTree = "<group>"; };
		DE2B228D28A50CFC00BAE7F5 /* BaiJamjuree-Italic.ttf */ = {isa = PBXFileReference; lastKnownFileType = file; path = "BaiJamjuree-Italic.ttf"; sourceTree = "<group>"; };
		DE2B228E28A50CFC00BAE7F5 /* BaiJamjuree-Regular.ttf */ = {isa = PBXFileReference; lastKnownFileType = file; path = "BaiJamjuree-Regular.ttf"; sourceTree = "<group>"; };
		DE2B228F28A50CFC00BAE7F5 /* BaiJamjuree-Light.ttf */ = {isa = PBXFileReference; lastKnownFileType = file; path = "BaiJamjuree-Light.ttf"; sourceTree = "<group>"; };
		DE2B229028A50CFC00BAE7F5 /* BaiJamjuree-SemiBoldItalic.ttf */ = {isa = PBXFileReference; lastKnownFileType = file; path = "BaiJamjuree-SemiBoldItalic.ttf"; sourceTree = "<group>"; };
		DE2B229128A50CFC00BAE7F5 /* BaiJamjuree-MediumItalic.ttf */ = {isa = PBXFileReference; lastKnownFileType = file; path = "BaiJamjuree-MediumItalic.ttf"; sourceTree = "<group>"; };
		DE2B229228A50CFC00BAE7F5 /* BaiJamjuree-LightItalic.ttf */ = {isa = PBXFileReference; lastKnownFileType = file; path = "BaiJamjuree-LightItalic.ttf"; sourceTree = "<group>"; };
		DE2B229328A50CFC00BAE7F5 /* BaiJamjuree-ExtraLightItalic.ttf */ = {isa = PBXFileReference; lastKnownFileType = file; path = "BaiJamjuree-ExtraLightItalic.ttf"; sourceTree = "<group>"; };
		DE2B229428A50CFC00BAE7F5 /* BaiJamjuree-Bold.ttf */ = {isa = PBXFileReference; lastKnownFileType = file; path = "BaiJamjuree-Bold.ttf"; sourceTree = "<group>"; };
		DE2B229528A50CFC00BAE7F5 /* BaiJamjuree-ExtraLight.ttf */ = {isa = PBXFileReference; lastKnownFileType = file; path = "BaiJamjuree-ExtraLight.ttf"; sourceTree = "<group>"; };
		DE2B229628A50CFC00BAE7F5 /* OFL.txt */ = {isa = PBXFileReference; fileEncoding = 4; lastKnownFileType = text; path = OFL.txt; sourceTree = "<group>"; };
		DE2B229728A50CFC00BAE7F5 /* BaiJamjuree-SemiBold.ttf */ = {isa = PBXFileReference; lastKnownFileType = file; path = "BaiJamjuree-SemiBold.ttf"; sourceTree = "<group>"; };
		DE2B229828A50CFC00BAE7F5 /* BaiJamjuree-BoldItalic.ttf */ = {isa = PBXFileReference; lastKnownFileType = file; path = "BaiJamjuree-BoldItalic.ttf"; sourceTree = "<group>"; };
		DE2B229928A50CFC00BAE7F5 /* BaiJamjuree-Medium.ttf */ = {isa = PBXFileReference; lastKnownFileType = file; path = "BaiJamjuree-Medium.ttf"; sourceTree = "<group>"; };
		DE2B22A728A5108F00BAE7F5 /* Info.plist */ = {isa = PBXFileReference; lastKnownFileType = text.plist; path = Info.plist; sourceTree = "<group>"; };
		DE2F523428A63574007762BA /* MainCoordinatorView.swift */ = {isa = PBXFileReference; lastKnownFileType = sourcecode.swift; path = MainCoordinatorView.swift; sourceTree = "<group>"; };
		DE2F523728A64511007762BA /* OnboardingCoordinatorViewModel.swift */ = {isa = PBXFileReference; lastKnownFileType = sourcecode.swift; path = OnboardingCoordinatorViewModel.swift; sourceTree = "<group>"; };
		DE2F523A28A64541007762BA /* MainCoordinatorViewModel.swift */ = {isa = PBXFileReference; lastKnownFileType = sourcecode.swift; path = MainCoordinatorViewModel.swift; sourceTree = "<group>"; };
		DE2F523D28A6462E007762BA /* PurpleBackgroundView.swift */ = {isa = PBXFileReference; lastKnownFileType = sourcecode.swift; path = PurpleBackgroundView.swift; sourceTree = "<group>"; };
		DE33D17A28C08A37008A8EA2 /* AuthenticationHeaderView.swift */ = {isa = PBXFileReference; lastKnownFileType = sourcecode.swift; path = AuthenticationHeaderView.swift; sourceTree = "<group>"; };
		DE33D18128C0E91B008A8EA2 /* ActivityIndicator.swift */ = {isa = PBXFileReference; lastKnownFileType = sourcecode.swift; path = ActivityIndicator.swift; sourceTree = "<group>"; };
		DE39E5D928D302190069C71D /* ScooterCardViewModel.swift */ = {isa = PBXFileReference; lastKnownFileType = sourcecode.swift; path = ScooterCardViewModel.swift; sourceTree = "<group>"; };
		DE39E5DB28D313510069C71D /* MapCoordinatorView.swift */ = {isa = PBXFileReference; lastKnownFileType = sourcecode.swift; path = MapCoordinatorView.swift; sourceTree = "<group>"; };
		DE39E5DD28D314510069C71D /* UnlockScooterBottomSheetView.swift */ = {isa = PBXFileReference; lastKnownFileType = sourcecode.swift; path = UnlockScooterBottomSheetView.swift; sourceTree = "<group>"; };
		DE39E5DF28D339360069C71D /* BorderedRoundedIconButton.swift */ = {isa = PBXFileReference; lastKnownFileType = sourcecode.swift; path = BorderedRoundedIconButton.swift; sourceTree = "<group>"; };
		DE39E5E228D34B140069C71D /* HalfSheet.swift */ = {isa = PBXFileReference; lastKnownFileType = sourcecode.swift; path = HalfSheet.swift; sourceTree = "<group>"; };
		DE39E5E428D34B440069C71D /* MySheetHostingController.swift */ = {isa = PBXFileReference; lastKnownFileType = sourcecode.swift; path = MySheetHostingController.swift; sourceTree = "<group>"; };
		DE39E5E628D352100069C71D /* BatteryView.swift */ = {isa = PBXFileReference; lastKnownFileType = sourcecode.swift; path = BatteryView.swift; sourceTree = "<group>"; };
		DE39E5E828D48C410069C71D /* SerialNumberUnlockView.swift */ = {isa = PBXFileReference; lastKnownFileType = sourcecode.swift; path = SerialNumberUnlockView.swift; sourceTree = "<group>"; };
		DE3DC3A128DB3FE5005122B5 /* MapCoordinatorViewModel.swift */ = {isa = PBXFileReference; lastKnownFileType = sourcecode.swift; path = MapCoordinatorViewModel.swift; sourceTree = "<group>"; };
		DE3DC3A328DB6F17005122B5 /* UnlockScooterResponse.swift */ = {isa = PBXFileReference; lastKnownFileType = sourcecode.swift; path = UnlockScooterResponse.swift; sourceTree = "<group>"; };
		DE43FCCF28B78BC100CBD130 /* User.swift */ = {isa = PBXFileReference; lastKnownFileType = sourcecode.swift; path = User.swift; sourceTree = "<group>"; };
		DE43FCD228B78F7A00CBD130 /* AuthenticationAPIService.swift */ = {isa = PBXFileReference; lastKnownFileType = sourcecode.swift; path = AuthenticationAPIService.swift; sourceTree = "<group>"; };
		DE46BC2628C232630061F800 /* DrivingLicensePendingVerificationView.swift */ = {isa = PBXFileReference; lastKnownFileType = sourcecode.swift; path = DrivingLicensePendingVerificationView.swift; sourceTree = "<group>"; };
		DE46BC2828C232F20061F800 /* DrivingLicensePendingVerificationViewModel.swift */ = {isa = PBXFileReference; lastKnownFileType = sourcecode.swift; path = DrivingLicensePendingVerificationViewModel.swift; sourceTree = "<group>"; };
		DE46BC2A28C2355F0061F800 /* ValidLicenseView.swift */ = {isa = PBXFileReference; lastKnownFileType = sourcecode.swift; path = ValidLicenseView.swift; sourceTree = "<group>"; };
		DE46BC2E28C5E1050061F800 /* AuthenticationService.swift */ = {isa = PBXFileReference; lastKnownFileType = sourcecode.swift; path = AuthenticationService.swift; sourceTree = "<group>"; };
		DE46BC3028C5E1250061F800 /* DrivingLicenseService.swift */ = {isa = PBXFileReference; lastKnownFileType = sourcecode.swift; path = DrivingLicenseService.swift; sourceTree = "<group>"; };
		DE46BC3228C604BA0061F800 /* UserDTO.swift */ = {isa = PBXFileReference; lastKnownFileType = sourcecode.swift; path = UserDTO.swift; sourceTree = "<group>"; };
		DE46BC3528C608AC0061F800 /* VerificationResponse.swift */ = {isa = PBXFileReference; lastKnownFileType = sourcecode.swift; path = VerificationResponse.swift; sourceTree = "<group>"; };
		DE46BC3928C60B4A0061F800 /* DrivingLicenseVerificationCoordinatorView.swift */ = {isa = PBXFileReference; lastKnownFileType = sourcecode.swift; path = DrivingLicenseVerificationCoordinatorView.swift; sourceTree = "<group>"; };
		DE4AAB9F28C61430004AC99F /* ScooterMapView.swift */ = {isa = PBXFileReference; lastKnownFileType = sourcecode.swift; path = ScooterMapView.swift; sourceTree = "<group>"; };
		DE4AABA128C76354004AC99F /* MapScreenViewModel.swift */ = {isa = PBXFileReference; lastKnownFileType = sourcecode.swift; path = MapScreenViewModel.swift; sourceTree = "<group>"; };
		DE4AABA328C763F2004AC99F /* ScooterService.swift */ = {isa = PBXFileReference; lastKnownFileType = sourcecode.swift; path = ScooterService.swift; sourceTree = "<group>"; };
		DE4AABA528C76451004AC99F /* Scooter.swift */ = {isa = PBXFileReference; lastKnownFileType = sourcecode.swift; path = Scooter.swift; sourceTree = "<group>"; };
		DE4AABA828C76504004AC99F /* ScooterAPIService.swift */ = {isa = PBXFileReference; lastKnownFileType = sourcecode.swift; path = ScooterAPIService.swift; sourceTree = "<group>"; };
		DE4AABAB28C7655B004AC99F /* ScooterMockedService.swift */ = {isa = PBXFileReference; lastKnownFileType = sourcecode.swift; path = ScooterMockedService.swift; sourceTree = "<group>"; };
		DE4AABAD28C76911004AC99F /* Coordinates.swift */ = {isa = PBXFileReference; lastKnownFileType = sourcecode.swift; path = Coordinates.swift; sourceTree = "<group>"; };
		DE4AABAF28C77A7F004AC99F /* SessionManager.swift */ = {isa = PBXFileReference; lastKnownFileType = sourcecode.swift; path = SessionManager.swift; sourceTree = "<group>"; };
		DE4AABB128C88EED004AC99F /* MapScreenView.swift */ = {isa = PBXFileReference; lastKnownFileType = sourcecode.swift; path = MapScreenView.swift; sourceTree = "<group>"; };
		DE4AABB428C890E9004AC99F /* ScooterAnnotation.swift */ = {isa = PBXFileReference; lastKnownFileType = sourcecode.swift; path = ScooterAnnotation.swift; sourceTree = "<group>"; };
		DE4AABB728C8C578004AC99F /* ScooterMapViewModel.swift */ = {isa = PBXFileReference; lastKnownFileType = sourcecode.swift; path = ScooterMapViewModel.swift; sourceTree = "<group>"; };
		DE4AABBA28C8E120004AC99F /* ScooterCardView.swift */ = {isa = PBXFileReference; lastKnownFileType = sourcecode.swift; path = ScooterCardView.swift; sourceTree = "<group>"; };
		DE4AABBD28C9F4CC004AC99F /* TransparentButton.swift */ = {isa = PBXFileReference; lastKnownFileType = sourcecode.swift; path = TransparentButton.swift; sourceTree = "<group>"; };
		DE4AABBF28C9F56D004AC99F /* RoundedIconButton.swift */ = {isa = PBXFileReference; lastKnownFileType = sourcecode.swift; path = RoundedIconButton.swift; sourceTree = "<group>"; };
		DE4AABC328CA2337004AC99F /* ScooterDTO.swift */ = {isa = PBXFileReference; lastKnownFileType = sourcecode.swift; path = ScooterDTO.swift; sourceTree = "<group>"; };
		DE4AABC528CA27C7004AC99F /* GetScootersResponse.swift */ = {isa = PBXFileReference; lastKnownFileType = sourcecode.swift; path = GetScootersResponse.swift; sourceTree = "<group>"; };
		DE717B8228D8567A00D0E3FD /* PinTextField.swift */ = {isa = PBXFileReference; lastKnownFileType = sourcecode.swift; path = PinTextField.swift; sourceTree = "<group>"; };
		DE717B8528D9A58000D0E3FD /* DigitView.swift */ = {isa = PBXFileReference; lastKnownFileType = sourcecode.swift; path = DigitView.swift; sourceTree = "<group>"; };
		DE717B8728D9A5DB00D0E3FD /* StringExtension.swift */ = {isa = PBXFileReference; lastKnownFileType = sourcecode.swift; path = StringExtension.swift; sourceTree = "<group>"; };
		DE717B8928D9E44800D0E3FD /* SerialNumberUnlockViewModel.swift */ = {isa = PBXFileReference; lastKnownFileType = sourcecode.swift; path = SerialNumberUnlockViewModel.swift; sourceTree = "<group>"; };
		DE717B8B28D9E63B00D0E3FD /* UnlockSuccessfulView.swift */ = {isa = PBXFileReference; lastKnownFileType = sourcecode.swift; path = UnlockSuccessfulView.swift; sourceTree = "<group>"; };
		DE8388C528A5143400A0908D /* FontExtension.swift */ = {isa = PBXFileReference; lastKnownFileType = sourcecode.swift; path = FontExtension.swift; sourceTree = "<group>"; };
		DE882D5028ACE00000C8DA17 /* SignUpViewModel.swift */ = {isa = PBXFileReference; lastKnownFileType = sourcecode.swift; path = SignUpViewModel.swift; sourceTree = "<group>"; };
		DE882D5328AD03B700C8DA17 /* OnboardingDataModel.swift */ = {isa = PBXFileReference; lastKnownFileType = sourcecode.swift; path = OnboardingDataModel.swift; sourceTree = "<group>"; };
		DE882D5528AD14E000C8DA17 /* AuthenticationCoordinatorView.swift */ = {isa = PBXFileReference; lastKnownFileType = sourcecode.swift; path = AuthenticationCoordinatorView.swift; sourceTree = "<group>"; };
		DE882D5828AE613300C8DA17 /* LoginView.swift */ = {isa = PBXFileReference; lastKnownFileType = sourcecode.swift; path = LoginView.swift; sourceTree = "<group>"; };
		DE882D5B28AE659B00C8DA17 /* LoginViewModel.swift */ = {isa = PBXFileReference; lastKnownFileType = sourcecode.swift; path = LoginViewModel.swift; sourceTree = "<group>"; };
		DE882D5F28AE6B1A00C8DA17 /* PreviewDevices.swift */ = {isa = PBXFileReference; lastKnownFileType = sourcecode.swift; path = PreviewDevices.swift; sourceTree = "<group>"; };
		DE9E3F3528BCDD6700B98FEE /* Validation.swift */ = {isa = PBXFileReference; lastKnownFileType = sourcecode.swift; path = Validation.swift; sourceTree = "<group>"; };
		DE9E3F3A28BCE7C500B98FEE /* DrivingLicenseVerificationView.swift */ = {isa = PBXFileReference; lastKnownFileType = sourcecode.swift; path = DrivingLicenseVerificationView.swift; sourceTree = "<group>"; };
		DE9E3F3E28BE2D0900B98FEE /* ImagePicker.swift */ = {isa = PBXFileReference; lastKnownFileType = sourcecode.swift; path = ImagePicker.swift; sourceTree = "<group>"; };
		DE9E3F4328BE47A400B98FEE /* ScannerView.swift */ = {isa = PBXFileReference; lastKnownFileType = sourcecode.swift; path = ScannerView.swift; sourceTree = "<group>"; };
		DE9E3F4628BF38F900B98FEE /* DrivingLicenseVerificationViewModel.swift */ = {isa = PBXFileReference; lastKnownFileType = sourcecode.swift; path = DrivingLicenseVerificationViewModel.swift; sourceTree = "<group>"; };
		DE9E3F4828BF397800B98FEE /* DrivingLicenseAPIService.swift */ = {isa = PBXFileReference; lastKnownFileType = sourcecode.swift; path = DrivingLicenseAPIService.swift; sourceTree = "<group>"; };
		DE9E3F5228BF934400B98FEE /* FloatingSecureField.swift */ = {isa = PBXFileReference; lastKnownFileType = sourcecode.swift; path = FloatingSecureField.swift; sourceTree = "<group>"; };
/* End PBXFileReference section */

/* Begin PBXFrameworksBuildPhase section */
		DE0ACEF528A266EF00F32C36 /* Frameworks */ = {
			isa = PBXFrameworksBuildPhase;
			buildActionMask = 2147483647;
			files = (
				DE33D17E28C0E681008A8EA2 /* ActivityIndicatorView in Frameworks */,
				DE28ECD728C1F26C007AA04C /* SwiftMessages in Frameworks */,
				DE43FCD828BCAAC900CBD130 /* Alamofire in Frameworks */,
			);
			runOnlyForDeploymentPostprocessing = 0;
		};
/* End PBXFrameworksBuildPhase section */

/* Begin PBXGroup section */
		DE0ACEEF28A266EF00F32C36 = {
			isa = PBXGroup;
			children = (
				DE0ACEFA28A266EF00F32C36 /* Move */,
				DE0ACEF928A266EF00F32C36 /* Products */,
			);
			sourceTree = "<group>";
		};
		DE0ACEF928A266EF00F32C36 /* Products */ = {
			isa = PBXGroup;
			children = (
				DE0ACEF828A266EF00F32C36 /* Move.app */,
			);
			name = Products;
			sourceTree = "<group>";
		};
		DE0ACEFA28A266EF00F32C36 /* Move */ = {
			isa = PBXGroup;
			children = (
				DE4AABAA28C7654C004AC99F /* MockedServices */,
				DE0ACF0E28A3B19B00F32C36 /* Splash */,
				DE9E3F4F28BF906B00B98FEE /* Onboarding */,
				DE9E3F4C28BF8F6500B98FEE /* Authentication */,
				DE9E3F5028BF90DF00B98FEE /* DrivingLicenseVerification */,
				DE46BC3B28C613D50061F800 /* Map */,
				DE46BC2D28C5E0EC0061F800 /* Services */,
				DE28ECD828C1FAE1007AA04C /* Networking */,
				DE28ECD228C1F227007AA04C /* ErrorHandling */,
				DE9E3F5428C07D3D00B98FEE /* DataModels */,
				DE2F523A28A64541007762BA /* MainCoordinatorViewModel.swift */,
				DE0ACEFD28A266EF00F32C36 /* ContentView.swift */,
				DE2F523428A63574007762BA /* MainCoordinatorView.swift */,
				DE882D5E28AE6A8D00C8DA17 /* Utils */,
				DE882D5D28AE6A6500C8DA17 /* Extensions */,
				DE2B22A728A5108F00BAE7F5 /* Info.plist */,
				DE2B228928A50B6E00BAE7F5 /* Fonts */,
				DE0ACF0B28A39BB300F32C36 /* ReusableViews */,
				DE0ACEFB28A266EF00F32C36 /* MoveApp.swift */,
				DE0ACEFF28A266F000F32C36 /* Assets.xcassets */,
				DE0ACF0128A266F000F32C36 /* Preview Content */,
			);
			path = Move;
			sourceTree = "<group>";
		};
		DE0ACF0128A266F000F32C36 /* Preview Content */ = {
			isa = PBXGroup;
			children = (
				DE0ACF0228A266F000F32C36 /* Preview Assets.xcassets */,
			);
			path = "Preview Content";
			sourceTree = "<group>";
		};
		DE0ACF0B28A39BB300F32C36 /* ReusableViews */ = {
			isa = PBXGroup;
			children = (
				DE4AABC128C9FC9B004AC99F /* TextFields */,
				DE4AABBC28C9F4B6004AC99F /* Buttons */,
				DE28ECCF28C1E595007AA04C /* ViewModifiers */,
				DE2F523D28A6462E007762BA /* PurpleBackgroundView.swift */,
				DE9E3F3E28BE2D0900B98FEE /* ImagePicker.swift */,
				DE9E3F4328BE47A400B98FEE /* ScannerView.swift */,
				DE33D18128C0E91B008A8EA2 /* ActivityIndicator.swift */,
				DE39E5E628D352100069C71D /* BatteryView.swift */,
			);
			path = ReusableViews;
			sourceTree = "<group>";
		};
		DE0ACF0E28A3B19B00F32C36 /* Splash */ = {
			isa = PBXGroup;
			children = (
				DE0ACF0C28A39BC900F32C36 /* SplashView.swift */,
			);
			path = Splash;
			sourceTree = "<group>";
		};
		DE28ECCF28C1E595007AA04C /* ViewModifiers */ = {
			isa = PBXGroup;
			children = (
				DE28ECD028C1E5C3007AA04C /* LoadingBehaviour.swift */,
			);
			path = ViewModifiers;
			sourceTree = "<group>";
		};
		DE28ECD228C1F227007AA04C /* ErrorHandling */ = {
			isa = PBXGroup;
			children = (
				DE28ECD328C1F23A007AA04C /* ErrorHandler.swift */,
			);
			path = ErrorHandling;
			sourceTree = "<group>";
		};
		DE28ECD828C1FAE1007AA04C /* Networking */ = {
			isa = PBXGroup;
			children = (
				DE4AABC228CA2322004AC99F /* DTOs */,
				DE4AABA728C764F2004AC99F /* APIServices */,
				DE46BC3428C608940061F800 /* Responses */,
				DE28ECD928C1FB04007AA04C /* APIConfig.swift */,
				DE28ECDB28C1FB40007AA04C /* APIError.swift */,
				DE1B96BE28D0B261007D8FD6 /* GeocoderProxy.swift */,
			);
			path = Networking;
			sourceTree = "<group>";
		};
		DE2B228928A50B6E00BAE7F5 /* Fonts */ = {
			isa = PBXGroup;
			children = (
				DE2B228C28A50CFC00BAE7F5 /* Bai-Jamjuree-Fonts */,
			);
			path = Fonts;
			sourceTree = "<group>";
		};
		DE2B228C28A50CFC00BAE7F5 /* Bai-Jamjuree-Fonts */ = {
			isa = PBXGroup;
			children = (
				DE2B228D28A50CFC00BAE7F5 /* BaiJamjuree-Italic.ttf */,
				DE2B228E28A50CFC00BAE7F5 /* BaiJamjuree-Regular.ttf */,
				DE2B228F28A50CFC00BAE7F5 /* BaiJamjuree-Light.ttf */,
				DE2B229028A50CFC00BAE7F5 /* BaiJamjuree-SemiBoldItalic.ttf */,
				DE2B229128A50CFC00BAE7F5 /* BaiJamjuree-MediumItalic.ttf */,
				DE2B229228A50CFC00BAE7F5 /* BaiJamjuree-LightItalic.ttf */,
				DE2B229328A50CFC00BAE7F5 /* BaiJamjuree-ExtraLightItalic.ttf */,
				DE2B229428A50CFC00BAE7F5 /* BaiJamjuree-Bold.ttf */,
				DE2B229528A50CFC00BAE7F5 /* BaiJamjuree-ExtraLight.ttf */,
				DE2B229628A50CFC00BAE7F5 /* OFL.txt */,
				DE2B229728A50CFC00BAE7F5 /* BaiJamjuree-SemiBold.ttf */,
				DE2B229828A50CFC00BAE7F5 /* BaiJamjuree-BoldItalic.ttf */,
				DE2B229928A50CFC00BAE7F5 /* BaiJamjuree-Medium.ttf */,
			);
			path = "Bai-Jamjuree-Fonts";
			sourceTree = "<group>";
		};
		DE39E5E128D34AD40069C71D /* UIKitWrappers */ = {
			isa = PBXGroup;
			children = (
				DE39E5E228D34B140069C71D /* HalfSheet.swift */,
				DE39E5E428D34B440069C71D /* MySheetHostingController.swift */,
			);
			path = UIKitWrappers;
			sourceTree = "<group>";
		};
		DE46BC2D28C5E0EC0061F800 /* Services */ = {
			isa = PBXGroup;
			children = (
				DE46BC2E28C5E1050061F800 /* AuthenticationService.swift */,
				DE46BC3028C5E1250061F800 /* DrivingLicenseService.swift */,
				DE4AABA328C763F2004AC99F /* ScooterService.swift */,
				DE4AABAF28C77A7F004AC99F /* SessionManager.swift */,
			);
			path = Services;
			sourceTree = "<group>";
		};
		DE46BC3428C608940061F800 /* Responses */ = {
			isa = PBXGroup;
			children = (
				DE28ECDD28C228D6007AA04C /* AuthenticationResponse.swift */,
				DE46BC3528C608AC0061F800 /* VerificationResponse.swift */,
				DE4AABC528CA27C7004AC99F /* GetScootersResponse.swift */,
				DE3DC3A328DB6F17005122B5 /* UnlockScooterResponse.swift */,
			);
			path = Responses;
			sourceTree = "<group>";
		};
		DE46BC3728C60AEF0061F800 /* ViewModels */ = {
			isa = PBXGroup;
			children = (
				DE9E3F4628BF38F900B98FEE /* DrivingLicenseVerificationViewModel.swift */,
				DE46BC2828C232F20061F800 /* DrivingLicensePendingVerificationViewModel.swift */,
			);
			path = ViewModels;
			sourceTree = "<group>";
		};
		DE46BC3828C60B1C0061F800 /* Views */ = {
			isa = PBXGroup;
			children = (
				DE46BC2A28C2355F0061F800 /* ValidLicenseView.swift */,
				DE9E3F3A28BCE7C500B98FEE /* DrivingLicenseVerificationView.swift */,
				DE46BC2628C232630061F800 /* DrivingLicensePendingVerificationView.swift */,
			);
			path = Views;
			sourceTree = "<group>";
		};
		DE46BC3B28C613D50061F800 /* Map */ = {
			isa = PBXGroup;
			children = (
				DE39E5E128D34AD40069C71D /* UIKitWrappers */,
				DE4AABB928C8E0F9004AC99F /* Views */,
				DE4AABB628C8C553004AC99F /* ViewModels */,
				DE4AABB328C890DB004AC99F /* Annotations */,
				DE4AABAD28C76911004AC99F /* Coordinates.swift */,
			);
			path = Map;
			sourceTree = "<group>";
		};
		DE4AABA728C764F2004AC99F /* APIServices */ = {
			isa = PBXGroup;
			children = (
				DE43FCD228B78F7A00CBD130 /* AuthenticationAPIService.swift */,
				DE9E3F4828BF397800B98FEE /* DrivingLicenseAPIService.swift */,
				DE4AABA828C76504004AC99F /* ScooterAPIService.swift */,
			);
			path = APIServices;
			sourceTree = "<group>";
		};
		DE4AABAA28C7654C004AC99F /* MockedServices */ = {
			isa = PBXGroup;
			children = (
				DE4AABAB28C7655B004AC99F /* ScooterMockedService.swift */,
			);
			path = MockedServices;
			sourceTree = "<group>";
		};
		DE4AABB328C890DB004AC99F /* Annotations */ = {
			isa = PBXGroup;
			children = (
				DE4AABB428C890E9004AC99F /* ScooterAnnotation.swift */,
				DE0D3F3D28D0684F00ED20F1 /* ReuseIdentifiers.swift */,
			);
			path = Annotations;
			sourceTree = "<group>";
		};
		DE4AABB628C8C553004AC99F /* ViewModels */ = {
			isa = PBXGroup;
			children = (
				DE4AABA128C76354004AC99F /* MapScreenViewModel.swift */,
				DE4AABB728C8C578004AC99F /* ScooterMapViewModel.swift */,
				DE39E5D928D302190069C71D /* ScooterCardViewModel.swift */,
				DE717B8928D9E44800D0E3FD /* SerialNumberUnlockViewModel.swift */,
				DE3DC3A128DB3FE5005122B5 /* MapCoordinatorViewModel.swift */,
			);
			path = ViewModels;
			sourceTree = "<group>";
		};
		DE4AABB928C8E0F9004AC99F /* Views */ = {
			isa = PBXGroup;
			children = (
				DE4AAB9F28C61430004AC99F /* ScooterMapView.swift */,
				DE4AABB128C88EED004AC99F /* MapScreenView.swift */,
				DE4AABBA28C8E120004AC99F /* ScooterCardView.swift */,
				DE39E5DB28D313510069C71D /* MapCoordinatorView.swift */,
				DE39E5DD28D314510069C71D /* UnlockScooterBottomSheetView.swift */,
				DE39E5E828D48C410069C71D /* SerialNumberUnlockView.swift */,
				DE717B8B28D9E63B00D0E3FD /* UnlockSuccessfulView.swift */,
			);
			path = Views;
			sourceTree = "<group>";
		};
		DE4AABBC28C9F4B6004AC99F /* Buttons */ = {
			isa = PBXGroup;
			children = (
				DE1FEB5728AB9C840019CE5A /* FilledButton.swift */,
				DE4AABBD28C9F4CC004AC99F /* TransparentButton.swift */,
				DE4AABBF28C9F56D004AC99F /* RoundedIconButton.swift */,
				DE39E5DF28D339360069C71D /* BorderedRoundedIconButton.swift */,
			);
			path = Buttons;
			sourceTree = "<group>";
		};
		DE4AABC128C9FC9B004AC99F /* TextFields */ = {
			isa = PBXGroup;
			children = (
				DE717B8428D9A56D00D0E3FD /* PinTextField */,
				DE1FEB5B28ABCB9B0019CE5A /* FloatingTextField.swift */,
				DE9E3F5228BF934400B98FEE /* FloatingSecureField.swift */,
			);
			path = TextFields;
			sourceTree = "<group>";
		};
		DE4AABC228CA2322004AC99F /* DTOs */ = {
			isa = PBXGroup;
			children = (
				DE46BC3228C604BA0061F800 /* UserDTO.swift */,
				DE4AABC328CA2337004AC99F /* ScooterDTO.swift */,
			);
			path = DTOs;
			sourceTree = "<group>";
		};
		DE717B8428D9A56D00D0E3FD /* PinTextField */ = {
			isa = PBXGroup;
			children = (
				DE717B8228D8567A00D0E3FD /* PinTextField.swift */,
				DE717B8528D9A58000D0E3FD /* DigitView.swift */,
			);
			path = PinTextField;
			sourceTree = "<group>";
		};
		DE882D5D28AE6A6500C8DA17 /* Extensions */ = {
			isa = PBXGroup;
			children = (
				DE0ACF0928A2737E00F32C36 /* ColorExtension.swift */,
				DE8388C528A5143400A0908D /* FontExtension.swift */,
				DE717B8728D9A5DB00D0E3FD /* StringExtension.swift */,
			);
			path = Extensions;
			sourceTree = "<group>";
		};
		DE882D5E28AE6A8D00C8DA17 /* Utils */ = {
			isa = PBXGroup;
			children = (
				DE2B228428A4EDB500BAE7F5 /* Constants.swift */,
				DE882D5F28AE6B1A00C8DA17 /* PreviewDevices.swift */,
				DE9E3F3528BCDD6700B98FEE /* Validation.swift */,
			);
			path = Utils;
			sourceTree = "<group>";
		};
		DE9E3F4C28BF8F6500B98FEE /* Authentication */ = {
			isa = PBXGroup;
			children = (
				DE9E3F4E28BF8FF500B98FEE /* Views */,
				DE9E3F4D28BF8FDF00B98FEE /* ViewModels */,
			);
			path = Authentication;
			sourceTree = "<group>";
		};
		DE9E3F4D28BF8FDF00B98FEE /* ViewModels */ = {
			isa = PBXGroup;
			children = (
				DE882D5028ACE00000C8DA17 /* SignUpViewModel.swift */,
				DE882D5B28AE659B00C8DA17 /* LoginViewModel.swift */,
			);
			path = ViewModels;
			sourceTree = "<group>";
		};
		DE9E3F4E28BF8FF500B98FEE /* Views */ = {
			isa = PBXGroup;
			children = (
				DE882D5528AD14E000C8DA17 /* AuthenticationCoordinatorView.swift */,
				DE1FEB5928ABB2380019CE5A /* SignUpView.swift */,
				DE882D5828AE613300C8DA17 /* LoginView.swift */,
				DE156DDA28B36D7A001C6A44 /* ForgotPasswordView.swift */,
				DE33D17A28C08A37008A8EA2 /* AuthenticationHeaderView.swift */,
			);
			path = Views;
			sourceTree = "<group>";
		};
		DE9E3F4F28BF906B00B98FEE /* Onboarding */ = {
			isa = PBXGroup;
			children = (
				DE2F523728A64511007762BA /* OnboardingCoordinatorViewModel.swift */,
				DE2B228228A3B27000BAE7F5 /* OnboardingView.swift */,
				DE2B228728A4F39200BAE7F5 /* OnboardingCoordinatorView.swift */,
				DE882D5328AD03B700C8DA17 /* OnboardingDataModel.swift */,
			);
			path = Onboarding;
			sourceTree = "<group>";
		};
		DE9E3F5028BF90DF00B98FEE /* DrivingLicenseVerification */ = {
			isa = PBXGroup;
			children = (
				DE46BC3828C60B1C0061F800 /* Views */,
				DE46BC3728C60AEF0061F800 /* ViewModels */,
				DE46BC3928C60B4A0061F800 /* DrivingLicenseVerificationCoordinatorView.swift */,
			);
			path = DrivingLicenseVerification;
			sourceTree = "<group>";
		};
		DE9E3F5428C07D3D00B98FEE /* DataModels */ = {
			isa = PBXGroup;
			children = (
				DE43FCCF28B78BC100CBD130 /* User.swift */,
				DE4AABA528C76451004AC99F /* Scooter.swift */,
			);
			path = DataModels;
			sourceTree = "<group>";
		};
/* End PBXGroup section */

/* Begin PBXNativeTarget section */
		DE0ACEF728A266EF00F32C36 /* Move */ = {
			isa = PBXNativeTarget;
			buildConfigurationList = DE0ACF0628A266F000F32C36 /* Build configuration list for PBXNativeTarget "Move" */;
			buildPhases = (
				DE0ACEF428A266EF00F32C36 /* Sources */,
				DE0ACEF528A266EF00F32C36 /* Frameworks */,
				DE0ACEF628A266EF00F32C36 /* Resources */,
			);
			buildRules = (
			);
			dependencies = (
			);
			name = Move;
			packageProductDependencies = (
				DE43FCD728BCAAC900CBD130 /* Alamofire */,
				DE33D17D28C0E681008A8EA2 /* ActivityIndicatorView */,
				DE28ECD628C1F26C007AA04C /* SwiftMessages */,
			);
			productName = Move;
			productReference = DE0ACEF828A266EF00F32C36 /* Move.app */;
			productType = "com.apple.product-type.application";
		};
/* End PBXNativeTarget section */

/* Begin PBXProject section */
		DE0ACEF028A266EF00F32C36 /* Project object */ = {
			isa = PBXProject;
			attributes = {
				BuildIndependentTargetsInParallel = 1;
				LastSwiftUpdateCheck = 1330;
				LastUpgradeCheck = 1330;
				TargetAttributes = {
					DE0ACEF728A266EF00F32C36 = {
						CreatedOnToolsVersion = 13.3;
					};
				};
			};
			buildConfigurationList = DE0ACEF328A266EF00F32C36 /* Build configuration list for PBXProject "Move" */;
			compatibilityVersion = "Xcode 13.0";
			developmentRegion = en;
			hasScannedForEncodings = 0;
			knownRegions = (
				en,
				Base,
			);
			mainGroup = DE0ACEEF28A266EF00F32C36;
			packageReferences = (
				DE43FCD628BCAAC900CBD130 /* XCRemoteSwiftPackageReference "Alamofire" */,
				DE33D17C28C0E681008A8EA2 /* XCRemoteSwiftPackageReference "ActivityIndicatorView" */,
				DE28ECD528C1F26C007AA04C /* XCRemoteSwiftPackageReference "SwiftMessages" */,
			);
			productRefGroup = DE0ACEF928A266EF00F32C36 /* Products */;
			projectDirPath = "";
			projectRoot = "";
			targets = (
				DE0ACEF728A266EF00F32C36 /* Move */,
			);
		};
/* End PBXProject section */

/* Begin PBXResourcesBuildPhase section */
		DE0ACEF628A266EF00F32C36 /* Resources */ = {
			isa = PBXResourcesBuildPhase;
			buildActionMask = 2147483647;
			files = (
				DE0ACF0328A266F000F32C36 /* Preview Assets.xcassets in Resources */,
				DE2B22A528A50CFC00BAE7F5 /* BaiJamjuree-BoldItalic.ttf in Resources */,
				DE2B22A128A50CFC00BAE7F5 /* BaiJamjuree-Bold.ttf in Resources */,
				DE2B229F28A50CFC00BAE7F5 /* BaiJamjuree-LightItalic.ttf in Resources */,
				DE2B22A028A50CFC00BAE7F5 /* BaiJamjuree-ExtraLightItalic.ttf in Resources */,
				DE2B229B28A50CFC00BAE7F5 /* BaiJamjuree-Regular.ttf in Resources */,
				DE0ACF0028A266F000F32C36 /* Assets.xcassets in Resources */,
				DE2B22A328A50CFC00BAE7F5 /* OFL.txt in Resources */,
				DE2B22A228A50CFC00BAE7F5 /* BaiJamjuree-ExtraLight.ttf in Resources */,
				DE2B229A28A50CFC00BAE7F5 /* BaiJamjuree-Italic.ttf in Resources */,
				DE2B229E28A50CFC00BAE7F5 /* BaiJamjuree-MediumItalic.ttf in Resources */,
				DE2B22A628A50CFC00BAE7F5 /* BaiJamjuree-Medium.ttf in Resources */,
				DE2B229C28A50CFC00BAE7F5 /* BaiJamjuree-Light.ttf in Resources */,
				DE2B22A428A50CFC00BAE7F5 /* BaiJamjuree-SemiBold.ttf in Resources */,
				DE2B229D28A50CFC00BAE7F5 /* BaiJamjuree-SemiBoldItalic.ttf in Resources */,
			);
			runOnlyForDeploymentPostprocessing = 0;
		};
/* End PBXResourcesBuildPhase section */

/* Begin PBXSourcesBuildPhase section */
		DE0ACEF428A266EF00F32C36 /* Sources */ = {
			isa = PBXSourcesBuildPhase;
			buildActionMask = 2147483647;
			files = (
				DE882D6028AE6B1A00C8DA17 /* PreviewDevices.swift in Sources */,
				DE28ECDE28C228D6007AA04C /* AuthenticationResponse.swift in Sources */,
				DE882D5428AD03B700C8DA17 /* OnboardingDataModel.swift in Sources */,
				DE0ACEFE28A266EF00F32C36 /* ContentView.swift in Sources */,
				DE0D3F3E28D0684F00ED20F1 /* ReuseIdentifiers.swift in Sources */,
				DE4AABAC28C7655B004AC99F /* ScooterMockedService.swift in Sources */,
				DE0ACF0D28A39BC900F32C36 /* SplashView.swift in Sources */,
				DE39E5E928D48C410069C71D /* SerialNumberUnlockView.swift in Sources */,
				DE4AABA628C76451004AC99F /* Scooter.swift in Sources */,
				DE4AABAE28C76911004AC99F /* Coordinates.swift in Sources */,
				DE9E3F3628BCDD6700B98FEE /* Validation.swift in Sources */,
				DE4AABBE28C9F4CC004AC99F /* TransparentButton.swift in Sources */,
				DE882D5128ACE00000C8DA17 /* SignUpViewModel.swift in Sources */,
				DE2F523B28A64541007762BA /* MainCoordinatorViewModel.swift in Sources */,
				DE1FEB5828AB9C840019CE5A /* FilledButton.swift in Sources */,
				DE39E5E728D352100069C71D /* BatteryView.swift in Sources */,
				DE9E3F3B28BCE7C500B98FEE /* DrivingLicenseVerificationView.swift in Sources */,
				DE9E3F4428BE47A400B98FEE /* ScannerView.swift in Sources */,
				DE28ECDC28C1FB40007AA04C /* APIError.swift in Sources */,
				DE717B8C28D9E63B00D0E3FD /* UnlockSuccessfulView.swift in Sources */,
				DE4AABC028C9F56D004AC99F /* RoundedIconButton.swift in Sources */,
				DE2F523528A63574007762BA /* MainCoordinatorView.swift in Sources */,
				DE46BC2928C232F20061F800 /* DrivingLicensePendingVerificationViewModel.swift in Sources */,
				DE46BC3328C604BA0061F800 /* UserDTO.swift in Sources */,
				DE28ECD128C1E5C3007AA04C /* LoadingBehaviour.swift in Sources */,
				DE39E5DC28D313510069C71D /* MapCoordinatorView.swift in Sources */,
				DE4AABB828C8C578004AC99F /* ScooterMapViewModel.swift in Sources */,
				DE46BC3128C5E1250061F800 /* DrivingLicenseService.swift in Sources */,
				DE0ACF0A28A2737E00F32C36 /* ColorExtension.swift in Sources */,
				DE882D5C28AE659B00C8DA17 /* LoginViewModel.swift in Sources */,
				DE3DC3A428DB6F18005122B5 /* UnlockScooterResponse.swift in Sources */,
				DE4AABC428CA2337004AC99F /* ScooterDTO.swift in Sources */,
				DE28ECDA28C1FB04007AA04C /* APIConfig.swift in Sources */,
				DE0ACEFC28A266EF00F32C36 /* MoveApp.swift in Sources */,
				DE717B8828D9A5DB00D0E3FD /* StringExtension.swift in Sources */,
				DE39E5E328D34B140069C71D /* HalfSheet.swift in Sources */,
				DE4AABB028C77A7F004AC99F /* SessionManager.swift in Sources */,
				DE717B8A28D9E44800D0E3FD /* SerialNumberUnlockViewModel.swift in Sources */,
				DE2F523E28A6462E007762BA /* PurpleBackgroundView.swift in Sources */,
				DE39E5DA28D302190069C71D /* ScooterCardViewModel.swift in Sources */,
				DE39E5E528D34B440069C71D /* MySheetHostingController.swift in Sources */,
				DE4AABB228C88EED004AC99F /* MapScreenView.swift in Sources */,
				DE156DDB28B36D7A001C6A44 /* ForgotPasswordView.swift in Sources */,
				DE4AABA228C76354004AC99F /* MapScreenViewModel.swift in Sources */,
				DE33D18228C0E91B008A8EA2 /* ActivityIndicator.swift in Sources */,
				DE2B228828A4F39200BAE7F5 /* OnboardingCoordinatorView.swift in Sources */,
				DE4AABBB28C8E120004AC99F /* ScooterCardView.swift in Sources */,
				DE9E3F3F28BE2D0900B98FEE /* ImagePicker.swift in Sources */,
				DE9E3F5328BF934400B98FEE /* FloatingSecureField.swift in Sources */,
				DE882D5628AD14E000C8DA17 /* AuthenticationCoordinatorView.swift in Sources */,
				DE28ECD428C1F23A007AA04C /* ErrorHandler.swift in Sources */,
				DE46BC2F28C5E1050061F800 /* AuthenticationService.swift in Sources */,
				DE43FCD328B78F7A00CBD130 /* AuthenticationAPIService.swift in Sources */,
				DE9E3F4728BF38F900B98FEE /* DrivingLicenseVerificationViewModel.swift in Sources */,
				DE46BC2B28C2355F0061F800 /* ValidLicenseView.swift in Sources */,
				DE4AABA928C76504004AC99F /* ScooterAPIService.swift in Sources */,
				DE46BC3628C608AC0061F800 /* VerificationResponse.swift in Sources */,
				DE2F523828A64511007762BA /* OnboardingCoordinatorViewModel.swift in Sources */,
				DE1FEB5A28ABB2380019CE5A /* SignUpView.swift in Sources */,
				DE4AABA428C763F2004AC99F /* ScooterService.swift in Sources */,
				DE4AABB528C890E9004AC99F /* ScooterAnnotation.swift in Sources */,
				DE2B228328A3B27000BAE7F5 /* OnboardingView.swift in Sources */,
				DE8388C628A5143400A0908D /* FontExtension.swift in Sources */,
				DE882D5928AE613300C8DA17 /* LoginView.swift in Sources */,
				DE717B8328D8567A00D0E3FD /* PinTextField.swift in Sources */,
				DE4AABA028C61430004AC99F /* ScooterMapView.swift in Sources */,
				DE717B8628D9A58000D0E3FD /* DigitView.swift in Sources */,
				DE1FEB5C28ABCB9B0019CE5A /* FloatingTextField.swift in Sources */,
				DE1B96BF28D0B261007D8FD6 /* GeocoderProxy.swift in Sources */,
				DE46BC3A28C60B4A0061F800 /* DrivingLicenseVerificationCoordinatorView.swift in Sources */,
				DE2B228528A4EDB500BAE7F5 /* Constants.swift in Sources */,
				DE4AABC628CA27C7004AC99F /* GetScootersResponse.swift in Sources */,
				DE33D17B28C08A37008A8EA2 /* AuthenticationHeaderView.swift in Sources */,
				DE9E3F4928BF397800B98FEE /* DrivingLicenseAPIService.swift in Sources */,
				DE46BC2728C232630061F800 /* DrivingLicensePendingVerificationView.swift in Sources */,
				DE3DC3A228DB3FE5005122B5 /* MapCoordinatorViewModel.swift in Sources */,
				DE39E5DE28D314510069C71D /* UnlockScooterBottomSheetView.swift in Sources */,
				DE43FCD028B78BC100CBD130 /* User.swift in Sources */,
				DE39E5E028D339360069C71D /* BorderedRoundedIconButton.swift in Sources */,
			);
			runOnlyForDeploymentPostprocessing = 0;
		};
/* End PBXSourcesBuildPhase section */

/* Begin XCBuildConfiguration section */
		DE0ACF0428A266F000F32C36 /* Debug */ = {
			isa = XCBuildConfiguration;
			buildSettings = {
				ALWAYS_SEARCH_USER_PATHS = NO;
				CLANG_ANALYZER_NONNULL = YES;
				CLANG_ANALYZER_NUMBER_OBJECT_CONVERSION = YES_AGGRESSIVE;
				CLANG_CXX_LANGUAGE_STANDARD = "gnu++17";
				CLANG_ENABLE_MODULES = YES;
				CLANG_ENABLE_OBJC_ARC = YES;
				CLANG_ENABLE_OBJC_WEAK = YES;
				CLANG_WARN_BLOCK_CAPTURE_AUTORELEASING = YES;
				CLANG_WARN_BOOL_CONVERSION = YES;
				CLANG_WARN_COMMA = YES;
				CLANG_WARN_CONSTANT_CONVERSION = YES;
				CLANG_WARN_DEPRECATED_OBJC_IMPLEMENTATIONS = YES;
				CLANG_WARN_DIRECT_OBJC_ISA_USAGE = YES_ERROR;
				CLANG_WARN_DOCUMENTATION_COMMENTS = YES;
				CLANG_WARN_EMPTY_BODY = YES;
				CLANG_WARN_ENUM_CONVERSION = YES;
				CLANG_WARN_INFINITE_RECURSION = YES;
				CLANG_WARN_INT_CONVERSION = YES;
				CLANG_WARN_NON_LITERAL_NULL_CONVERSION = YES;
				CLANG_WARN_OBJC_IMPLICIT_RETAIN_SELF = YES;
				CLANG_WARN_OBJC_LITERAL_CONVERSION = YES;
				CLANG_WARN_OBJC_ROOT_CLASS = YES_ERROR;
				CLANG_WARN_QUOTED_INCLUDE_IN_FRAMEWORK_HEADER = YES;
				CLANG_WARN_RANGE_LOOP_ANALYSIS = YES;
				CLANG_WARN_STRICT_PROTOTYPES = YES;
				CLANG_WARN_SUSPICIOUS_MOVE = YES;
				CLANG_WARN_UNGUARDED_AVAILABILITY = YES_AGGRESSIVE;
				CLANG_WARN_UNREACHABLE_CODE = YES;
				CLANG_WARN__DUPLICATE_METHOD_MATCH = YES;
				COPY_PHASE_STRIP = NO;
				DEBUG_INFORMATION_FORMAT = dwarf;
				ENABLE_STRICT_OBJC_MSGSEND = YES;
				ENABLE_TESTABILITY = YES;
				GCC_C_LANGUAGE_STANDARD = gnu11;
				GCC_DYNAMIC_NO_PIC = NO;
				GCC_NO_COMMON_BLOCKS = YES;
				GCC_OPTIMIZATION_LEVEL = 0;
				GCC_PREPROCESSOR_DEFINITIONS = (
					"DEBUG=1",
					"$(inherited)",
				);
				GCC_WARN_64_TO_32_BIT_CONVERSION = YES;
				GCC_WARN_ABOUT_RETURN_TYPE = YES_ERROR;
				GCC_WARN_UNDECLARED_SELECTOR = YES;
				GCC_WARN_UNINITIALIZED_AUTOS = YES_AGGRESSIVE;
				GCC_WARN_UNUSED_FUNCTION = YES;
				GCC_WARN_UNUSED_VARIABLE = YES;
				IPHONEOS_DEPLOYMENT_TARGET = 15.4;
				MTL_ENABLE_DEBUG_INFO = INCLUDE_SOURCE;
				MTL_FAST_MATH = YES;
				ONLY_ACTIVE_ARCH = YES;
				SDKROOT = iphoneos;
				SWIFT_ACTIVE_COMPILATION_CONDITIONS = DEBUG;
				SWIFT_OPTIMIZATION_LEVEL = "-Onone";
			};
			name = Debug;
		};
		DE0ACF0528A266F000F32C36 /* Release */ = {
			isa = XCBuildConfiguration;
			buildSettings = {
				ALWAYS_SEARCH_USER_PATHS = NO;
				CLANG_ANALYZER_NONNULL = YES;
				CLANG_ANALYZER_NUMBER_OBJECT_CONVERSION = YES_AGGRESSIVE;
				CLANG_CXX_LANGUAGE_STANDARD = "gnu++17";
				CLANG_ENABLE_MODULES = YES;
				CLANG_ENABLE_OBJC_ARC = YES;
				CLANG_ENABLE_OBJC_WEAK = YES;
				CLANG_WARN_BLOCK_CAPTURE_AUTORELEASING = YES;
				CLANG_WARN_BOOL_CONVERSION = YES;
				CLANG_WARN_COMMA = YES;
				CLANG_WARN_CONSTANT_CONVERSION = YES;
				CLANG_WARN_DEPRECATED_OBJC_IMPLEMENTATIONS = YES;
				CLANG_WARN_DIRECT_OBJC_ISA_USAGE = YES_ERROR;
				CLANG_WARN_DOCUMENTATION_COMMENTS = YES;
				CLANG_WARN_EMPTY_BODY = YES;
				CLANG_WARN_ENUM_CONVERSION = YES;
				CLANG_WARN_INFINITE_RECURSION = YES;
				CLANG_WARN_INT_CONVERSION = YES;
				CLANG_WARN_NON_LITERAL_NULL_CONVERSION = YES;
				CLANG_WARN_OBJC_IMPLICIT_RETAIN_SELF = YES;
				CLANG_WARN_OBJC_LITERAL_CONVERSION = YES;
				CLANG_WARN_OBJC_ROOT_CLASS = YES_ERROR;
				CLANG_WARN_QUOTED_INCLUDE_IN_FRAMEWORK_HEADER = YES;
				CLANG_WARN_RANGE_LOOP_ANALYSIS = YES;
				CLANG_WARN_STRICT_PROTOTYPES = YES;
				CLANG_WARN_SUSPICIOUS_MOVE = YES;
				CLANG_WARN_UNGUARDED_AVAILABILITY = YES_AGGRESSIVE;
				CLANG_WARN_UNREACHABLE_CODE = YES;
				CLANG_WARN__DUPLICATE_METHOD_MATCH = YES;
				COPY_PHASE_STRIP = NO;
				DEBUG_INFORMATION_FORMAT = "dwarf-with-dsym";
				ENABLE_NS_ASSERTIONS = NO;
				ENABLE_STRICT_OBJC_MSGSEND = YES;
				GCC_C_LANGUAGE_STANDARD = gnu11;
				GCC_NO_COMMON_BLOCKS = YES;
				GCC_WARN_64_TO_32_BIT_CONVERSION = YES;
				GCC_WARN_ABOUT_RETURN_TYPE = YES_ERROR;
				GCC_WARN_UNDECLARED_SELECTOR = YES;
				GCC_WARN_UNINITIALIZED_AUTOS = YES_AGGRESSIVE;
				GCC_WARN_UNUSED_FUNCTION = YES;
				GCC_WARN_UNUSED_VARIABLE = YES;
				IPHONEOS_DEPLOYMENT_TARGET = 15.4;
				MTL_ENABLE_DEBUG_INFO = NO;
				MTL_FAST_MATH = YES;
				SDKROOT = iphoneos;
				SWIFT_COMPILATION_MODE = wholemodule;
				SWIFT_OPTIMIZATION_LEVEL = "-O";
				VALIDATE_PRODUCT = YES;
			};
			name = Release;
		};
		DE0ACF0728A266F000F32C36 /* Debug */ = {
			isa = XCBuildConfiguration;
			buildSettings = {
				ASSETCATALOG_COMPILER_APPICON_NAME = AppIcon;
				ASSETCATALOG_COMPILER_GLOBAL_ACCENT_COLOR_NAME = AccentColor;
				CODE_SIGN_STYLE = Automatic;
				CURRENT_PROJECT_VERSION = 1;
				DEVELOPMENT_ASSET_PATHS = "\"Move/Preview Content\"";
				DEVELOPMENT_TEAM = 3FF7ZT5TR7;
				ENABLE_PREVIEWS = YES;
				GENERATE_INFOPLIST_FILE = YES;
				INFOPLIST_FILE = Move/Info.plist;
				INFOPLIST_KEY_LSApplicationCategoryType = "";
				INFOPLIST_KEY_NSCameraUsageDescription = "\"Allow app to use camera\"";
				INFOPLIST_KEY_NSLocationAlwaysAndWhenInUseUsageDescription = "Move needs your location to show it on the map";
				INFOPLIST_KEY_NSLocationAlwaysUsageDescription = "Move needs your location to show it on the map";
				INFOPLIST_KEY_NSLocationWhenInUseUsageDescription = "Move needs your location to show it on the map";
				INFOPLIST_KEY_NSPhotoLibraryUsageDescription = "\"Allow app to use gallery\"";
				INFOPLIST_KEY_UIApplicationSceneManifest_Generation = YES;
				INFOPLIST_KEY_UIApplicationSupportsIndirectInputEvents = YES;
				INFOPLIST_KEY_UILaunchScreen_Generation = YES;
				INFOPLIST_KEY_UISupportedInterfaceOrientations_iPad = "UIInterfaceOrientationPortrait UIInterfaceOrientationPortraitUpsideDown UIInterfaceOrientationLandscapeLeft UIInterfaceOrientationLandscapeRight";
				INFOPLIST_KEY_UISupportedInterfaceOrientations_iPhone = "UIInterfaceOrientationPortrait UIInterfaceOrientationLandscapeLeft UIInterfaceOrientationLandscapeRight";
				IPHONEOS_DEPLOYMENT_TARGET = 15.0;
				LD_RUNPATH_SEARCH_PATHS = (
					"$(inherited)",
					"@executable_path/Frameworks",
				);
				MARKETING_VERSION = 1.0;
				PRODUCT_BUNDLE_IDENTIFIER = com.pele.raul.Move;
				PRODUCT_NAME = "$(TARGET_NAME)";
				SWIFT_EMIT_LOC_STRINGS = YES;
				SWIFT_VERSION = 5.0;
				TARGETED_DEVICE_FAMILY = "1,2";
			};
			name = Debug;
		};
		DE0ACF0828A266F000F32C36 /* Release */ = {
			isa = XCBuildConfiguration;
			buildSettings = {
				ASSETCATALOG_COMPILER_APPICON_NAME = AppIcon;
				ASSETCATALOG_COMPILER_GLOBAL_ACCENT_COLOR_NAME = AccentColor;
				CODE_SIGN_STYLE = Automatic;
				CURRENT_PROJECT_VERSION = 1;
				DEVELOPMENT_ASSET_PATHS = "\"Move/Preview Content\"";
				DEVELOPMENT_TEAM = 3FF7ZT5TR7;
				ENABLE_PREVIEWS = YES;
				GENERATE_INFOPLIST_FILE = YES;
				INFOPLIST_FILE = Move/Info.plist;
				INFOPLIST_KEY_LSApplicationCategoryType = "";
				INFOPLIST_KEY_NSCameraUsageDescription = "\"Allow app to use camera\"";
				INFOPLIST_KEY_NSLocationAlwaysAndWhenInUseUsageDescription = "Move needs your location to show it on the map";
				INFOPLIST_KEY_NSLocationAlwaysUsageDescription = "Move needs your location to show it on the map";
				INFOPLIST_KEY_NSLocationWhenInUseUsageDescription = "Move needs your location to show it on the map";
				INFOPLIST_KEY_NSPhotoLibraryUsageDescription = "\"Allow app to use gallery\"";
				INFOPLIST_KEY_UIApplicationSceneManifest_Generation = YES;
				INFOPLIST_KEY_UIApplicationSupportsIndirectInputEvents = YES;
				INFOPLIST_KEY_UILaunchScreen_Generation = YES;
				INFOPLIST_KEY_UISupportedInterfaceOrientations_iPad = "UIInterfaceOrientationPortrait UIInterfaceOrientationPortraitUpsideDown UIInterfaceOrientationLandscapeLeft UIInterfaceOrientationLandscapeRight";
				INFOPLIST_KEY_UISupportedInterfaceOrientations_iPhone = "UIInterfaceOrientationPortrait UIInterfaceOrientationLandscapeLeft UIInterfaceOrientationLandscapeRight";
				IPHONEOS_DEPLOYMENT_TARGET = 15.0;
				LD_RUNPATH_SEARCH_PATHS = (
					"$(inherited)",
					"@executable_path/Frameworks",
				);
				MARKETING_VERSION = 1.0;
				PRODUCT_BUNDLE_IDENTIFIER = com.pele.raul.Move;
				PRODUCT_NAME = "$(TARGET_NAME)";
				SWIFT_EMIT_LOC_STRINGS = YES;
				SWIFT_VERSION = 5.0;
				TARGETED_DEVICE_FAMILY = "1,2";
			};
			name = Release;
		};
/* End XCBuildConfiguration section */

/* Begin XCConfigurationList section */
		DE0ACEF328A266EF00F32C36 /* Build configuration list for PBXProject "Move" */ = {
			isa = XCConfigurationList;
			buildConfigurations = (
				DE0ACF0428A266F000F32C36 /* Debug */,
				DE0ACF0528A266F000F32C36 /* Release */,
			);
			defaultConfigurationIsVisible = 0;
			defaultConfigurationName = Release;
		};
		DE0ACF0628A266F000F32C36 /* Build configuration list for PBXNativeTarget "Move" */ = {
			isa = XCConfigurationList;
			buildConfigurations = (
				DE0ACF0728A266F000F32C36 /* Debug */,
				DE0ACF0828A266F000F32C36 /* Release */,
			);
			defaultConfigurationIsVisible = 0;
			defaultConfigurationName = Release;
		};
/* End XCConfigurationList section */

/* Begin XCRemoteSwiftPackageReference section */
		DE28ECD528C1F26C007AA04C /* XCRemoteSwiftPackageReference "SwiftMessages" */ = {
			isa = XCRemoteSwiftPackageReference;
			repositoryURL = "https://github.com/SwiftKickMobile/SwiftMessages.git";
			requirement = {
				kind = upToNextMajorVersion;
				minimumVersion = 9.0.0;
			};
		};
		DE33D17C28C0E681008A8EA2 /* XCRemoteSwiftPackageReference "ActivityIndicatorView" */ = {
			isa = XCRemoteSwiftPackageReference;
			repositoryURL = "https://github.com/exyte/ActivityIndicatorView.git";
			requirement = {
				kind = upToNextMajorVersion;
				minimumVersion = 1.0.0;
			};
		};
		DE43FCD628BCAAC900CBD130 /* XCRemoteSwiftPackageReference "Alamofire" */ = {
			isa = XCRemoteSwiftPackageReference;
			repositoryURL = "https://github.com/Alamofire/Alamofire.git";
			requirement = {
				kind = upToNextMajorVersion;
				minimumVersion = 5.0.0;
			};
		};
/* End XCRemoteSwiftPackageReference section */

/* Begin XCSwiftPackageProductDependency section */
		DE28ECD628C1F26C007AA04C /* SwiftMessages */ = {
			isa = XCSwiftPackageProductDependency;
			package = DE28ECD528C1F26C007AA04C /* XCRemoteSwiftPackageReference "SwiftMessages" */;
			productName = SwiftMessages;
		};
		DE33D17D28C0E681008A8EA2 /* ActivityIndicatorView */ = {
			isa = XCSwiftPackageProductDependency;
			package = DE33D17C28C0E681008A8EA2 /* XCRemoteSwiftPackageReference "ActivityIndicatorView" */;
			productName = ActivityIndicatorView;
		};
		DE43FCD728BCAAC900CBD130 /* Alamofire */ = {
			isa = XCSwiftPackageProductDependency;
			package = DE43FCD628BCAAC900CBD130 /* XCRemoteSwiftPackageReference "Alamofire" */;
			productName = Alamofire;
		};
/* End XCSwiftPackageProductDependency section */
	};
	rootObject = DE0ACEF028A266EF00F32C36 /* Project object */;
}
