// !$*UTF8*$!
{
	archiveVersion = 1;
	classes = {
	};
	objectVersion = 55;
	objects = {

/* Begin PBXBuildFile section */
		DE0ACEFC28A266EF00F32C36 /* MoveApp.swift in Sources */ = {isa = PBXBuildFile; fileRef = DE0ACEFB28A266EF00F32C36 /* MoveApp.swift */; };
		DE0ACEFE28A266EF00F32C36 /* ContentView.swift in Sources */ = {isa = PBXBuildFile; fileRef = DE0ACEFD28A266EF00F32C36 /* ContentView.swift */; };
		DE0ACF0028A266F000F32C36 /* Assets.xcassets in Resources */ = {isa = PBXBuildFile; fileRef = DE0ACEFF28A266F000F32C36 /* Assets.xcassets */; };
		DE0ACF0328A266F000F32C36 /* Preview Assets.xcassets in Resources */ = {isa = PBXBuildFile; fileRef = DE0ACF0228A266F000F32C36 /* Preview Assets.xcassets */; };
		DE0ACF0A28A2737E00F32C36 /* Colors.swift in Sources */ = {isa = PBXBuildFile; fileRef = DE0ACF0928A2737E00F32C36 /* Colors.swift */; };
		DE0ACF0D28A39BC900F32C36 /* SplashView.swift in Sources */ = {isa = PBXBuildFile; fileRef = DE0ACF0C28A39BC900F32C36 /* SplashView.swift */; };
		DE1FEB5828AB9C840019CE5A /* Buttons.swift in Sources */ = {isa = PBXBuildFile; fileRef = DE1FEB5728AB9C840019CE5A /* Buttons.swift */; };
		DE1FEB5A28ABB2380019CE5A /* SignUpView.swift in Sources */ = {isa = PBXBuildFile; fileRef = DE1FEB5928ABB2380019CE5A /* SignUpView.swift */; };
		DE1FEB5C28ABCB9B0019CE5A /* FloatingTextField.swift in Sources */ = {isa = PBXBuildFile; fileRef = DE1FEB5B28ABCB9B0019CE5A /* FloatingTextField.swift */; };
		DE2B228328A3B27000BAE7F5 /* OnboardingView.swift in Sources */ = {isa = PBXBuildFile; fileRef = DE2B228228A3B27000BAE7F5 /* OnboardingView.swift */; };
		DE2B228528A4EDB500BAE7F5 /* Constants.swift in Sources */ = {isa = PBXBuildFile; fileRef = DE2B228428A4EDB500BAE7F5 /* Constants.swift */; };
		DE2B228828A4F39200BAE7F5 /* OnboardingCoordinatorView.swift in Sources */ = {isa = PBXBuildFile; fileRef = DE2B228728A4F39200BAE7F5 /* OnboardingCoordinatorView.swift */; };
		DE2B229A28A50CFC00BAE7F5 /* BaiJamjuree-Italic.ttf in Resources */ = {isa = PBXBuildFile; fileRef = DE2B228D28A50CFC00BAE7F5 /* BaiJamjuree-Italic.ttf */; };
		DE2B229B28A50CFC00BAE7F5 /* BaiJamjuree-Regular.ttf in Resources */ = {isa = PBXBuildFile; fileRef = DE2B228E28A50CFC00BAE7F5 /* BaiJamjuree-Regular.ttf */; };
		DE2B229C28A50CFC00BAE7F5 /* BaiJamjuree-Light.ttf in Resources */ = {isa = PBXBuildFile; fileRef = DE2B228F28A50CFC00BAE7F5 /* BaiJamjuree-Light.ttf */; };
		DE2B229D28A50CFC00BAE7F5 /* BaiJamjuree-SemiBoldItalic.ttf in Resources */ = {isa = PBXBuildFile; fileRef = DE2B229028A50CFC00BAE7F5 /* BaiJamjuree-SemiBoldItalic.ttf */; };
		DE2B229E28A50CFC00BAE7F5 /* BaiJamjuree-MediumItalic.ttf in Resources */ = {isa = PBXBuildFile; fileRef = DE2B229128A50CFC00BAE7F5 /* BaiJamjuree-MediumItalic.ttf */; };
		DE2B229F28A50CFC00BAE7F5 /* BaiJamjuree-LightItalic.ttf in Resources */ = {isa = PBXBuildFile; fileRef = DE2B229228A50CFC00BAE7F5 /* BaiJamjuree-LightItalic.ttf */; };
		DE2B22A028A50CFC00BAE7F5 /* BaiJamjuree-ExtraLightItalic.ttf in Resources */ = {isa = PBXBuildFile; fileRef = DE2B229328A50CFC00BAE7F5 /* BaiJamjuree-ExtraLightItalic.ttf */; };
		DE2B22A128A50CFC00BAE7F5 /* BaiJamjuree-Bold.ttf in Resources */ = {isa = PBXBuildFile; fileRef = DE2B229428A50CFC00BAE7F5 /* BaiJamjuree-Bold.ttf */; };
		DE2B22A228A50CFC00BAE7F5 /* BaiJamjuree-ExtraLight.ttf in Resources */ = {isa = PBXBuildFile; fileRef = DE2B229528A50CFC00BAE7F5 /* BaiJamjuree-ExtraLight.ttf */; };
		DE2B22A328A50CFC00BAE7F5 /* OFL.txt in Resources */ = {isa = PBXBuildFile; fileRef = DE2B229628A50CFC00BAE7F5 /* OFL.txt */; };
		DE2B22A428A50CFC00BAE7F5 /* BaiJamjuree-SemiBold.ttf in Resources */ = {isa = PBXBuildFile; fileRef = DE2B229728A50CFC00BAE7F5 /* BaiJamjuree-SemiBold.ttf */; };
		DE2B22A528A50CFC00BAE7F5 /* BaiJamjuree-BoldItalic.ttf in Resources */ = {isa = PBXBuildFile; fileRef = DE2B229828A50CFC00BAE7F5 /* BaiJamjuree-BoldItalic.ttf */; };
		DE2B22A628A50CFC00BAE7F5 /* BaiJamjuree-Medium.ttf in Resources */ = {isa = PBXBuildFile; fileRef = DE2B229928A50CFC00BAE7F5 /* BaiJamjuree-Medium.ttf */; };
		DE2F523528A63574007762BA /* MainCoordinatorView.swift in Sources */ = {isa = PBXBuildFile; fileRef = DE2F523428A63574007762BA /* MainCoordinatorView.swift */; };
		DE2F523828A64511007762BA /* OnboardingCoordinatorViewModel.swift in Sources */ = {isa = PBXBuildFile; fileRef = DE2F523728A64511007762BA /* OnboardingCoordinatorViewModel.swift */; };
		DE2F523B28A64541007762BA /* MainCoordinatorViewModel.swift in Sources */ = {isa = PBXBuildFile; fileRef = DE2F523A28A64541007762BA /* MainCoordinatorViewModel.swift */; };
		DE2F523E28A6462E007762BA /* PurpleBackgroundView.swift in Sources */ = {isa = PBXBuildFile; fileRef = DE2F523D28A6462E007762BA /* PurpleBackgroundView.swift */; };
		DE8388C628A5143400A0908D /* FontExtension.swift in Sources */ = {isa = PBXBuildFile; fileRef = DE8388C528A5143400A0908D /* FontExtension.swift */; };
		DE882D5128ACE00000C8DA17 /* SignUpViewModel.swift in Sources */ = {isa = PBXBuildFile; fileRef = DE882D5028ACE00000C8DA17 /* SignUpViewModel.swift */; };
		DE882D5428AD03B700C8DA17 /* OnboardingDataModel.swift in Sources */ = {isa = PBXBuildFile; fileRef = DE882D5328AD03B700C8DA17 /* OnboardingDataModel.swift */; };
		DE882D5628AD14E000C8DA17 /* AuthenticationCoordinatorView.swift in Sources */ = {isa = PBXBuildFile; fileRef = DE882D5528AD14E000C8DA17 /* AuthenticationCoordinatorView.swift */; };
/* End PBXBuildFile section */

/* Begin PBXFileReference section */
		DE0ACEF828A266EF00F32C36 /* Move.app */ = {isa = PBXFileReference; explicitFileType = wrapper.application; includeInIndex = 0; path = Move.app; sourceTree = BUILT_PRODUCTS_DIR; };
		DE0ACEFB28A266EF00F32C36 /* MoveApp.swift */ = {isa = PBXFileReference; lastKnownFileType = sourcecode.swift; path = MoveApp.swift; sourceTree = "<group>"; };
		DE0ACEFD28A266EF00F32C36 /* ContentView.swift */ = {isa = PBXFileReference; lastKnownFileType = sourcecode.swift; path = ContentView.swift; sourceTree = "<group>"; };
		DE0ACEFF28A266F000F32C36 /* Assets.xcassets */ = {isa = PBXFileReference; lastKnownFileType = folder.assetcatalog; path = Assets.xcassets; sourceTree = "<group>"; };
		DE0ACF0228A266F000F32C36 /* Preview Assets.xcassets */ = {isa = PBXFileReference; lastKnownFileType = folder.assetcatalog; path = "Preview Assets.xcassets"; sourceTree = "<group>"; };
		DE0ACF0928A2737E00F32C36 /* Colors.swift */ = {isa = PBXFileReference; lastKnownFileType = sourcecode.swift; path = Colors.swift; sourceTree = "<group>"; };
		DE0ACF0C28A39BC900F32C36 /* SplashView.swift */ = {isa = PBXFileReference; lastKnownFileType = sourcecode.swift; path = SplashView.swift; sourceTree = "<group>"; };
		DE1FEB5728AB9C840019CE5A /* Buttons.swift */ = {isa = PBXFileReference; lastKnownFileType = sourcecode.swift; path = Buttons.swift; sourceTree = "<group>"; };
		DE1FEB5928ABB2380019CE5A /* SignUpView.swift */ = {isa = PBXFileReference; lastKnownFileType = sourcecode.swift; path = SignUpView.swift; sourceTree = "<group>"; };
		DE1FEB5B28ABCB9B0019CE5A /* FloatingTextField.swift */ = {isa = PBXFileReference; lastKnownFileType = sourcecode.swift; path = FloatingTextField.swift; sourceTree = "<group>"; };
		DE2B228228A3B27000BAE7F5 /* OnboardingView.swift */ = {isa = PBXFileReference; lastKnownFileType = sourcecode.swift; path = OnboardingView.swift; sourceTree = "<group>"; };
		DE2B228428A4EDB500BAE7F5 /* Constants.swift */ = {isa = PBXFileReference; lastKnownFileType = sourcecode.swift; path = Constants.swift; sourceTree = "<group>"; };
		DE2B228728A4F39200BAE7F5 /* OnboardingCoordinatorView.swift */ = {isa = PBXFileReference; lastKnownFileType = sourcecode.swift; path = OnboardingCoordinatorView.swift; sourceTree = "<group>"; };
		DE2B228D28A50CFC00BAE7F5 /* BaiJamjuree-Italic.ttf */ = {isa = PBXFileReference; lastKnownFileType = file; path = "BaiJamjuree-Italic.ttf"; sourceTree = "<group>"; };
		DE2B228E28A50CFC00BAE7F5 /* BaiJamjuree-Regular.ttf */ = {isa = PBXFileReference; lastKnownFileType = file; path = "BaiJamjuree-Regular.ttf"; sourceTree = "<group>"; };
		DE2B228F28A50CFC00BAE7F5 /* BaiJamjuree-Light.ttf */ = {isa = PBXFileReference; lastKnownFileType = file; path = "BaiJamjuree-Light.ttf"; sourceTree = "<group>"; };
		DE2B229028A50CFC00BAE7F5 /* BaiJamjuree-SemiBoldItalic.ttf */ = {isa = PBXFileReference; lastKnownFileType = file; path = "BaiJamjuree-SemiBoldItalic.ttf"; sourceTree = "<group>"; };
		DE2B229128A50CFC00BAE7F5 /* BaiJamjuree-MediumItalic.ttf */ = {isa = PBXFileReference; lastKnownFileType = file; path = "BaiJamjuree-MediumItalic.ttf"; sourceTree = "<group>"; };
		DE2B229228A50CFC00BAE7F5 /* BaiJamjuree-LightItalic.ttf */ = {isa = PBXFileReference; lastKnownFileType = file; path = "BaiJamjuree-LightItalic.ttf"; sourceTree = "<group>"; };
		DE2B229328A50CFC00BAE7F5 /* BaiJamjuree-ExtraLightItalic.ttf */ = {isa = PBXFileReference; lastKnownFileType = file; path = "BaiJamjuree-ExtraLightItalic.ttf"; sourceTree = "<group>"; };
		DE2B229428A50CFC00BAE7F5 /* BaiJamjuree-Bold.ttf */ = {isa = PBXFileReference; lastKnownFileType = file; path = "BaiJamjuree-Bold.ttf"; sourceTree = "<group>"; };
		DE2B229528A50CFC00BAE7F5 /* BaiJamjuree-ExtraLight.ttf */ = {isa = PBXFileReference; lastKnownFileType = file; path = "BaiJamjuree-ExtraLight.ttf"; sourceTree = "<group>"; };
		DE2B229628A50CFC00BAE7F5 /* OFL.txt */ = {isa = PBXFileReference; fileEncoding = 4; lastKnownFileType = text; path = OFL.txt; sourceTree = "<group>"; };
		DE2B229728A50CFC00BAE7F5 /* BaiJamjuree-SemiBold.ttf */ = {isa = PBXFileReference; lastKnownFileType = file; path = "BaiJamjuree-SemiBold.ttf"; sourceTree = "<group>"; };
		DE2B229828A50CFC00BAE7F5 /* BaiJamjuree-BoldItalic.ttf */ = {isa = PBXFileReference; lastKnownFileType = file; path = "BaiJamjuree-BoldItalic.ttf"; sourceTree = "<group>"; };
		DE2B229928A50CFC00BAE7F5 /* BaiJamjuree-Medium.ttf */ = {isa = PBXFileReference; lastKnownFileType = file; path = "BaiJamjuree-Medium.ttf"; sourceTree = "<group>"; };
		DE2B22A728A5108F00BAE7F5 /* Info.plist */ = {isa = PBXFileReference; lastKnownFileType = text.plist; path = Info.plist; sourceTree = "<group>"; };
		DE2F523428A63574007762BA /* MainCoordinatorView.swift */ = {isa = PBXFileReference; lastKnownFileType = sourcecode.swift; path = MainCoordinatorView.swift; sourceTree = "<group>"; };
		DE2F523728A64511007762BA /* OnboardingCoordinatorViewModel.swift */ = {isa = PBXFileReference; lastKnownFileType = sourcecode.swift; path = OnboardingCoordinatorViewModel.swift; sourceTree = "<group>"; };
		DE2F523A28A64541007762BA /* MainCoordinatorViewModel.swift */ = {isa = PBXFileReference; lastKnownFileType = sourcecode.swift; path = MainCoordinatorViewModel.swift; sourceTree = "<group>"; };
		DE2F523D28A6462E007762BA /* PurpleBackgroundView.swift */ = {isa = PBXFileReference; lastKnownFileType = sourcecode.swift; path = PurpleBackgroundView.swift; sourceTree = "<group>"; };
		DE8388C528A5143400A0908D /* FontExtension.swift */ = {isa = PBXFileReference; lastKnownFileType = sourcecode.swift; path = FontExtension.swift; sourceTree = "<group>"; };
		DE882D5028ACE00000C8DA17 /* SignUpViewModel.swift */ = {isa = PBXFileReference; lastKnownFileType = sourcecode.swift; path = SignUpViewModel.swift; sourceTree = "<group>"; };
		DE882D5328AD03B700C8DA17 /* OnboardingDataModel.swift */ = {isa = PBXFileReference; lastKnownFileType = sourcecode.swift; path = OnboardingDataModel.swift; sourceTree = "<group>"; };
		DE882D5528AD14E000C8DA17 /* AuthenticationCoordinatorView.swift */ = {isa = PBXFileReference; lastKnownFileType = sourcecode.swift; path = AuthenticationCoordinatorView.swift; sourceTree = "<group>"; };
/* End PBXFileReference section */

/* Begin PBXFrameworksBuildPhase section */
		DE0ACEF528A266EF00F32C36 /* Frameworks */ = {
			isa = PBXFrameworksBuildPhase;
			buildActionMask = 2147483647;
			files = (
			);
			runOnlyForDeploymentPostprocessing = 0;
		};
/* End PBXFrameworksBuildPhase section */

/* Begin PBXGroup section */
		DE0ACEEF28A266EF00F32C36 = {
			isa = PBXGroup;
			children = (
				DE0ACEFA28A266EF00F32C36 /* Move */,
				DE0ACEF928A266EF00F32C36 /* Products */,
			);
			sourceTree = "<group>";
		};
		DE0ACEF928A266EF00F32C36 /* Products */ = {
			isa = PBXGroup;
			children = (
				DE0ACEF828A266EF00F32C36 /* Move.app */,
			);
			name = Products;
			sourceTree = "<group>";
		};
		DE0ACEFA28A266EF00F32C36 /* Move */ = {
			isa = PBXGroup;
			children = (
				DE882D5228AD039E00C8DA17 /* DataModels */,
				DE2F523628A644F1007762BA /* ViewModels */,
				DE2B22A728A5108F00BAE7F5 /* Info.plist */,
				DE2B228928A50B6E00BAE7F5 /* Fonts */,
				DE0ACF0B28A39BB300F32C36 /* Views */,
				DE0ACEFB28A266EF00F32C36 /* MoveApp.swift */,
				DE0ACEFF28A266F000F32C36 /* Assets.xcassets */,
				DE0ACF0128A266F000F32C36 /* Preview Content */,
				DE0ACF0928A2737E00F32C36 /* Colors.swift */,
				DE2B228428A4EDB500BAE7F5 /* Constants.swift */,
			);
			path = Move;
			sourceTree = "<group>";
		};
		DE0ACF0128A266F000F32C36 /* Preview Content */ = {
			isa = PBXGroup;
			children = (
				DE0ACF0228A266F000F32C36 /* Preview Assets.xcassets */,
			);
			path = "Preview Content";
			sourceTree = "<group>";
		};
		DE0ACF0B28A39BB300F32C36 /* Views */ = {
			isa = PBXGroup;
			children = (
				DE2F523C28A645DC007762BA /* AuthenticationViews */,
				DE2B228628A4F37400BAE7F5 /* CoordinatorViews */,
				DE0ACF1028A3B21200F32C36 /* OnboardingViews */,
				DE0ACF0E28A3B19B00F32C36 /* SplashViews */,
				DE0ACEFD28A266EF00F32C36 /* ContentView.swift */,
				DE2F523D28A6462E007762BA /* PurpleBackgroundView.swift */,
				DE1FEB5728AB9C840019CE5A /* Buttons.swift */,
				DE1FEB5B28ABCB9B0019CE5A /* FloatingTextField.swift */,
			);
			path = Views;
			sourceTree = "<group>";
		};
		DE0ACF0E28A3B19B00F32C36 /* SplashViews */ = {
			isa = PBXGroup;
			children = (
				DE0ACF0C28A39BC900F32C36 /* SplashView.swift */,
			);
			path = SplashViews;
			sourceTree = "<group>";
		};
		DE0ACF1028A3B21200F32C36 /* OnboardingViews */ = {
			isa = PBXGroup;
			children = (
				DE2B228228A3B27000BAE7F5 /* OnboardingView.swift */,
			);
			path = OnboardingViews;
			sourceTree = "<group>";
		};
		DE2B228628A4F37400BAE7F5 /* CoordinatorViews */ = {
			isa = PBXGroup;
			children = (
				DE2B228728A4F39200BAE7F5 /* OnboardingCoordinatorView.swift */,
				DE2F523428A63574007762BA /* MainCoordinatorView.swift */,
				DE882D5528AD14E000C8DA17 /* AuthenticationCoordinatorView.swift */,
			);
			path = CoordinatorViews;
			sourceTree = "<group>";
		};
		DE2B228928A50B6E00BAE7F5 /* Fonts */ = {
			isa = PBXGroup;
			children = (
				DE2B228C28A50CFC00BAE7F5 /* Bai-Jamjuree-Fonts */,
				DE8388C528A5143400A0908D /* FontExtension.swift */,
			);
			path = Fonts;
			sourceTree = "<group>";
		};
		DE2B228C28A50CFC00BAE7F5 /* Bai-Jamjuree-Fonts */ = {
			isa = PBXGroup;
			children = (
				DE2B228D28A50CFC00BAE7F5 /* BaiJamjuree-Italic.ttf */,
				DE2B228E28A50CFC00BAE7F5 /* BaiJamjuree-Regular.ttf */,
				DE2B228F28A50CFC00BAE7F5 /* BaiJamjuree-Light.ttf */,
				DE2B229028A50CFC00BAE7F5 /* BaiJamjuree-SemiBoldItalic.ttf */,
				DE2B229128A50CFC00BAE7F5 /* BaiJamjuree-MediumItalic.ttf */,
				DE2B229228A50CFC00BAE7F5 /* BaiJamjuree-LightItalic.ttf */,
				DE2B229328A50CFC00BAE7F5 /* BaiJamjuree-ExtraLightItalic.ttf */,
				DE2B229428A50CFC00BAE7F5 /* BaiJamjuree-Bold.ttf */,
				DE2B229528A50CFC00BAE7F5 /* BaiJamjuree-ExtraLight.ttf */,
				DE2B229628A50CFC00BAE7F5 /* OFL.txt */,
				DE2B229728A50CFC00BAE7F5 /* BaiJamjuree-SemiBold.ttf */,
				DE2B229828A50CFC00BAE7F5 /* BaiJamjuree-BoldItalic.ttf */,
				DE2B229928A50CFC00BAE7F5 /* BaiJamjuree-Medium.ttf */,
			);
			path = "Bai-Jamjuree-Fonts";
			sourceTree = "<group>";
		};
		DE2F523628A644F1007762BA /* ViewModels */ = {
			isa = PBXGroup;
			children = (
				DE2F523928A64529007762BA /* CoordinatorViewModels */,
				DE882D5028ACE00000C8DA17 /* SignUpViewModel.swift */,
			);
			path = ViewModels;
			sourceTree = "<group>";
		};
		DE2F523928A64529007762BA /* CoordinatorViewModels */ = {
			isa = PBXGroup;
			children = (
				DE2F523728A64511007762BA /* OnboardingCoordinatorViewModel.swift */,
				DE2F523A28A64541007762BA /* MainCoordinatorViewModel.swift */,
			);
			path = CoordinatorViewModels;
			sourceTree = "<group>";
		};
		DE2F523C28A645DC007762BA /* AuthenticationViews */ = {
			isa = PBXGroup;
			children = (
				DE1FEB5928ABB2380019CE5A /* SignUpView.swift */,
			);
			path = AuthenticationViews;
			sourceTree = "<group>";
		};
		DE882D5228AD039E00C8DA17 /* DataModels */ = {
			isa = PBXGroup;
			children = (
				DE882D5328AD03B700C8DA17 /* OnboardingDataModel.swift */,
			);
			path = DataModels;
			sourceTree = "<group>";
		};
/* End PBXGroup section */

/* Begin PBXNativeTarget section */
		DE0ACEF728A266EF00F32C36 /* Move */ = {
			isa = PBXNativeTarget;
			buildConfigurationList = DE0ACF0628A266F000F32C36 /* Build configuration list for PBXNativeTarget "Move" */;
			buildPhases = (
				DE0ACEF428A266EF00F32C36 /* Sources */,
				DE0ACEF528A266EF00F32C36 /* Frameworks */,
				DE0ACEF628A266EF00F32C36 /* Resources */,
			);
			buildRules = (
			);
			dependencies = (
			);
			name = Move;
			productName = Move;
			productReference = DE0ACEF828A266EF00F32C36 /* Move.app */;
			productType = "com.apple.product-type.application";
		};
/* End PBXNativeTarget section */

/* Begin PBXProject section */
		DE0ACEF028A266EF00F32C36 /* Project object */ = {
			isa = PBXProject;
			attributes = {
				BuildIndependentTargetsInParallel = 1;
				LastSwiftUpdateCheck = 1330;
				LastUpgradeCheck = 1330;
				TargetAttributes = {
					DE0ACEF728A266EF00F32C36 = {
						CreatedOnToolsVersion = 13.3;
					};
				};
			};
			buildConfigurationList = DE0ACEF328A266EF00F32C36 /* Build configuration list for PBXProject "Move" */;
			compatibilityVersion = "Xcode 13.0";
			developmentRegion = en;
			hasScannedForEncodings = 0;
			knownRegions = (
				en,
				Base,
			);
			mainGroup = DE0ACEEF28A266EF00F32C36;
			productRefGroup = DE0ACEF928A266EF00F32C36 /* Products */;
			projectDirPath = "";
			projectRoot = "";
			targets = (
				DE0ACEF728A266EF00F32C36 /* Move */,
			);
		};
/* End PBXProject section */

/* Begin PBXResourcesBuildPhase section */
		DE0ACEF628A266EF00F32C36 /* Resources */ = {
			isa = PBXResourcesBuildPhase;
			buildActionMask = 2147483647;
			files = (
				DE0ACF0328A266F000F32C36 /* Preview Assets.xcassets in Resources */,
				DE2B22A528A50CFC00BAE7F5 /* BaiJamjuree-BoldItalic.ttf in Resources */,
				DE2B22A128A50CFC00BAE7F5 /* BaiJamjuree-Bold.ttf in Resources */,
				DE2B229F28A50CFC00BAE7F5 /* BaiJamjuree-LightItalic.ttf in Resources */,
				DE2B22A028A50CFC00BAE7F5 /* BaiJamjuree-ExtraLightItalic.ttf in Resources */,
				DE2B229B28A50CFC00BAE7F5 /* BaiJamjuree-Regular.ttf in Resources */,
				DE0ACF0028A266F000F32C36 /* Assets.xcassets in Resources */,
				DE2B22A328A50CFC00BAE7F5 /* OFL.txt in Resources */,
				DE2B22A228A50CFC00BAE7F5 /* BaiJamjuree-ExtraLight.ttf in Resources */,
				DE2B229A28A50CFC00BAE7F5 /* BaiJamjuree-Italic.ttf in Resources */,
				DE2B229E28A50CFC00BAE7F5 /* BaiJamjuree-MediumItalic.ttf in Resources */,
				DE2B22A628A50CFC00BAE7F5 /* BaiJamjuree-Medium.ttf in Resources */,
				DE2B229C28A50CFC00BAE7F5 /* BaiJamjuree-Light.ttf in Resources */,
				DE2B22A428A50CFC00BAE7F5 /* BaiJamjuree-SemiBold.ttf in Resources */,
				DE2B229D28A50CFC00BAE7F5 /* BaiJamjuree-SemiBoldItalic.ttf in Resources */,
			);
			runOnlyForDeploymentPostprocessing = 0;
		};
/* End PBXResourcesBuildPhase section */

/* Begin PBXSourcesBuildPhase section */
		DE0ACEF428A266EF00F32C36 /* Sources */ = {
			isa = PBXSourcesBuildPhase;
			buildActionMask = 2147483647;
			files = (
				DE882D5428AD03B700C8DA17 /* OnboardingDataModel.swift in Sources */,
				DE0ACEFE28A266EF00F32C36 /* ContentView.swift in Sources */,
				DE0ACF0D28A39BC900F32C36 /* SplashView.swift in Sources */,
				DE882D5128ACE00000C8DA17 /* SignUpViewModel.swift in Sources */,
				DE2F523B28A64541007762BA /* MainCoordinatorViewModel.swift in Sources */,
				DE1FEB5828AB9C840019CE5A /* Buttons.swift in Sources */,
				DE2F523528A63574007762BA /* MainCoordinatorView.swift in Sources */,
				DE0ACF0A28A2737E00F32C36 /* Colors.swift in Sources */,
				DE0ACEFC28A266EF00F32C36 /* MoveApp.swift in Sources */,
				DE2F523E28A6462E007762BA /* PurpleBackgroundView.swift in Sources */,
				DE2B228828A4F39200BAE7F5 /* OnboardingCoordinatorView.swift in Sources */,
				DE882D5628AD14E000C8DA17 /* AuthenticationCoordinatorView.swift in Sources */,
				DE2F523828A64511007762BA /* OnboardingCoordinatorViewModel.swift in Sources */,
				DE1FEB5A28ABB2380019CE5A /* SignUpView.swift in Sources */,
				DE2B228328A3B27000BAE7F5 /* OnboardingView.swift in Sources */,
				DE8388C628A5143400A0908D /* FontExtension.swift in Sources */,
				DE1FEB5C28ABCB9B0019CE5A /* FloatingTextField.swift in Sources */,
				DE2B228528A4EDB500BAE7F5 /* Constants.swift in Sources */,
			);
			runOnlyForDeploymentPostprocessing = 0;
		};
/* End PBXSourcesBuildPhase section */

/* Begin XCBuildConfiguration section */
		DE0ACF0428A266F000F32C36 /* Debug */ = {
			isa = XCBuildConfiguration;
			buildSettings = {
				ALWAYS_SEARCH_USER_PATHS = NO;
				CLANG_ANALYZER_NONNULL = YES;
				CLANG_ANALYZER_NUMBER_OBJECT_CONVERSION = YES_AGGRESSIVE;
				CLANG_CXX_LANGUAGE_STANDARD = "gnu++17";
				CLANG_ENABLE_MODULES = YES;
				CLANG_ENABLE_OBJC_ARC = YES;
				CLANG_ENABLE_OBJC_WEAK = YES;
				CLANG_WARN_BLOCK_CAPTURE_AUTORELEASING = YES;
				CLANG_WARN_BOOL_CONVERSION = YES;
				CLANG_WARN_COMMA = YES;
				CLANG_WARN_CONSTANT_CONVERSION = YES;
				CLANG_WARN_DEPRECATED_OBJC_IMPLEMENTATIONS = YES;
				CLANG_WARN_DIRECT_OBJC_ISA_USAGE = YES_ERROR;
				CLANG_WARN_DOCUMENTATION_COMMENTS = YES;
				CLANG_WARN_EMPTY_BODY = YES;
				CLANG_WARN_ENUM_CONVERSION = YES;
				CLANG_WARN_INFINITE_RECURSION = YES;
				CLANG_WARN_INT_CONVERSION = YES;
				CLANG_WARN_NON_LITERAL_NULL_CONVERSION = YES;
				CLANG_WARN_OBJC_IMPLICIT_RETAIN_SELF = YES;
				CLANG_WARN_OBJC_LITERAL_CONVERSION = YES;
				CLANG_WARN_OBJC_ROOT_CLASS = YES_ERROR;
				CLANG_WARN_QUOTED_INCLUDE_IN_FRAMEWORK_HEADER = YES;
				CLANG_WARN_RANGE_LOOP_ANALYSIS = YES;
				CLANG_WARN_STRICT_PROTOTYPES = YES;
				CLANG_WARN_SUSPICIOUS_MOVE = YES;
				CLANG_WARN_UNGUARDED_AVAILABILITY = YES_AGGRESSIVE;
				CLANG_WARN_UNREACHABLE_CODE = YES;
				CLANG_WARN__DUPLICATE_METHOD_MATCH = YES;
				COPY_PHASE_STRIP = NO;
				DEBUG_INFORMATION_FORMAT = dwarf;
				ENABLE_STRICT_OBJC_MSGSEND = YES;
				ENABLE_TESTABILITY = YES;
				GCC_C_LANGUAGE_STANDARD = gnu11;
				GCC_DYNAMIC_NO_PIC = NO;
				GCC_NO_COMMON_BLOCKS = YES;
				GCC_OPTIMIZATION_LEVEL = 0;
				GCC_PREPROCESSOR_DEFINITIONS = (
					"DEBUG=1",
					"$(inherited)",
				);
				GCC_WARN_64_TO_32_BIT_CONVERSION = YES;
				GCC_WARN_ABOUT_RETURN_TYPE = YES_ERROR;
				GCC_WARN_UNDECLARED_SELECTOR = YES;
				GCC_WARN_UNINITIALIZED_AUTOS = YES_AGGRESSIVE;
				GCC_WARN_UNUSED_FUNCTION = YES;
				GCC_WARN_UNUSED_VARIABLE = YES;
				IPHONEOS_DEPLOYMENT_TARGET = 15.4;
				MTL_ENABLE_DEBUG_INFO = INCLUDE_SOURCE;
				MTL_FAST_MATH = YES;
				ONLY_ACTIVE_ARCH = YES;
				SDKROOT = iphoneos;
				SWIFT_ACTIVE_COMPILATION_CONDITIONS = DEBUG;
				SWIFT_OPTIMIZATION_LEVEL = "-Onone";
			};
			name = Debug;
		};
		DE0ACF0528A266F000F32C36 /* Release */ = {
			isa = XCBuildConfiguration;
			buildSettings = {
				ALWAYS_SEARCH_USER_PATHS = NO;
				CLANG_ANALYZER_NONNULL = YES;
				CLANG_ANALYZER_NUMBER_OBJECT_CONVERSION = YES_AGGRESSIVE;
				CLANG_CXX_LANGUAGE_STANDARD = "gnu++17";
				CLANG_ENABLE_MODULES = YES;
				CLANG_ENABLE_OBJC_ARC = YES;
				CLANG_ENABLE_OBJC_WEAK = YES;
				CLANG_WARN_BLOCK_CAPTURE_AUTORELEASING = YES;
				CLANG_WARN_BOOL_CONVERSION = YES;
				CLANG_WARN_COMMA = YES;
				CLANG_WARN_CONSTANT_CONVERSION = YES;
				CLANG_WARN_DEPRECATED_OBJC_IMPLEMENTATIONS = YES;
				CLANG_WARN_DIRECT_OBJC_ISA_USAGE = YES_ERROR;
				CLANG_WARN_DOCUMENTATION_COMMENTS = YES;
				CLANG_WARN_EMPTY_BODY = YES;
				CLANG_WARN_ENUM_CONVERSION = YES;
				CLANG_WARN_INFINITE_RECURSION = YES;
				CLANG_WARN_INT_CONVERSION = YES;
				CLANG_WARN_NON_LITERAL_NULL_CONVERSION = YES;
				CLANG_WARN_OBJC_IMPLICIT_RETAIN_SELF = YES;
				CLANG_WARN_OBJC_LITERAL_CONVERSION = YES;
				CLANG_WARN_OBJC_ROOT_CLASS = YES_ERROR;
				CLANG_WARN_QUOTED_INCLUDE_IN_FRAMEWORK_HEADER = YES;
				CLANG_WARN_RANGE_LOOP_ANALYSIS = YES;
				CLANG_WARN_STRICT_PROTOTYPES = YES;
				CLANG_WARN_SUSPICIOUS_MOVE = YES;
				CLANG_WARN_UNGUARDED_AVAILABILITY = YES_AGGRESSIVE;
				CLANG_WARN_UNREACHABLE_CODE = YES;
				CLANG_WARN__DUPLICATE_METHOD_MATCH = YES;
				COPY_PHASE_STRIP = NO;
				DEBUG_INFORMATION_FORMAT = "dwarf-with-dsym";
				ENABLE_NS_ASSERTIONS = NO;
				ENABLE_STRICT_OBJC_MSGSEND = YES;
				GCC_C_LANGUAGE_STANDARD = gnu11;
				GCC_NO_COMMON_BLOCKS = YES;
				GCC_WARN_64_TO_32_BIT_CONVERSION = YES;
				GCC_WARN_ABOUT_RETURN_TYPE = YES_ERROR;
				GCC_WARN_UNDECLARED_SELECTOR = YES;
				GCC_WARN_UNINITIALIZED_AUTOS = YES_AGGRESSIVE;
				GCC_WARN_UNUSED_FUNCTION = YES;
				GCC_WARN_UNUSED_VARIABLE = YES;
				IPHONEOS_DEPLOYMENT_TARGET = 15.4;
				MTL_ENABLE_DEBUG_INFO = NO;
				MTL_FAST_MATH = YES;
				SDKROOT = iphoneos;
				SWIFT_COMPILATION_MODE = wholemodule;
				SWIFT_OPTIMIZATION_LEVEL = "-O";
				VALIDATE_PRODUCT = YES;
			};
			name = Release;
		};
		DE0ACF0728A266F000F32C36 /* Debug */ = {
			isa = XCBuildConfiguration;
			buildSettings = {
				ASSETCATALOG_COMPILER_APPICON_NAME = AppIcon;
				ASSETCATALOG_COMPILER_GLOBAL_ACCENT_COLOR_NAME = AccentColor;
				CODE_SIGN_STYLE = Automatic;
				CURRENT_PROJECT_VERSION = 1;
				DEVELOPMENT_ASSET_PATHS = "\"Move/Preview Content\"";
				DEVELOPMENT_TEAM = 3FF7ZT5TR7;
				ENABLE_PREVIEWS = YES;
				GENERATE_INFOPLIST_FILE = YES;
				INFOPLIST_FILE = Move/Info.plist;
				INFOPLIST_KEY_UIApplicationSceneManifest_Generation = YES;
				INFOPLIST_KEY_UIApplicationSupportsIndirectInputEvents = YES;
				INFOPLIST_KEY_UILaunchScreen_Generation = YES;
				INFOPLIST_KEY_UISupportedInterfaceOrientations_iPad = "UIInterfaceOrientationPortrait UIInterfaceOrientationPortraitUpsideDown UIInterfaceOrientationLandscapeLeft UIInterfaceOrientationLandscapeRight";
				INFOPLIST_KEY_UISupportedInterfaceOrientations_iPhone = "UIInterfaceOrientationPortrait UIInterfaceOrientationLandscapeLeft UIInterfaceOrientationLandscapeRight";
				LD_RUNPATH_SEARCH_PATHS = (
					"$(inherited)",
					"@executable_path/Frameworks",
				);
				MARKETING_VERSION = 1.0;
				PRODUCT_BUNDLE_IDENTIFIER = com.pele.raul.Move;
				PRODUCT_NAME = "$(TARGET_NAME)";
				SWIFT_EMIT_LOC_STRINGS = YES;
				SWIFT_VERSION = 5.0;
				TARGETED_DEVICE_FAMILY = "1,2";
			};
			name = Debug;
		};
		DE0ACF0828A266F000F32C36 /* Release */ = {
			isa = XCBuildConfiguration;
			buildSettings = {
				ASSETCATALOG_COMPILER_APPICON_NAME = AppIcon;
				ASSETCATALOG_COMPILER_GLOBAL_ACCENT_COLOR_NAME = AccentColor;
				CODE_SIGN_STYLE = Automatic;
				CURRENT_PROJECT_VERSION = 1;
				DEVELOPMENT_ASSET_PATHS = "\"Move/Preview Content\"";
				DEVELOPMENT_TEAM = 3FF7ZT5TR7;
				ENABLE_PREVIEWS = YES;
				GENERATE_INFOPLIST_FILE = YES;
				INFOPLIST_FILE = Move/Info.plist;
				INFOPLIST_KEY_UIApplicationSceneManifest_Generation = YES;
				INFOPLIST_KEY_UIApplicationSupportsIndirectInputEvents = YES;
				INFOPLIST_KEY_UILaunchScreen_Generation = YES;
				INFOPLIST_KEY_UISupportedInterfaceOrientations_iPad = "UIInterfaceOrientationPortrait UIInterfaceOrientationPortraitUpsideDown UIInterfaceOrientationLandscapeLeft UIInterfaceOrientationLandscapeRight";
				INFOPLIST_KEY_UISupportedInterfaceOrientations_iPhone = "UIInterfaceOrientationPortrait UIInterfaceOrientationLandscapeLeft UIInterfaceOrientationLandscapeRight";
				LD_RUNPATH_SEARCH_PATHS = (
					"$(inherited)",
					"@executable_path/Frameworks",
				);
				MARKETING_VERSION = 1.0;
				PRODUCT_BUNDLE_IDENTIFIER = com.pele.raul.Move;
				PRODUCT_NAME = "$(TARGET_NAME)";
				SWIFT_EMIT_LOC_STRINGS = YES;
				SWIFT_VERSION = 5.0;
				TARGETED_DEVICE_FAMILY = "1,2";
			};
			name = Release;
		};
/* End XCBuildConfiguration section */

/* Begin XCConfigurationList section */
		DE0ACEF328A266EF00F32C36 /* Build configuration list for PBXProject "Move" */ = {
			isa = XCConfigurationList;
			buildConfigurations = (
				DE0ACF0428A266F000F32C36 /* Debug */,
				DE0ACF0528A266F000F32C36 /* Release */,
			);
			defaultConfigurationIsVisible = 0;
			defaultConfigurationName = Release;
		};
		DE0ACF0628A266F000F32C36 /* Build configuration list for PBXNativeTarget "Move" */ = {
			isa = XCConfigurationList;
			buildConfigurations = (
				DE0ACF0728A266F000F32C36 /* Debug */,
				DE0ACF0828A266F000F32C36 /* Release */,
			);
			defaultConfigurationIsVisible = 0;
			defaultConfigurationName = Release;
		};
/* End XCConfigurationList section */
	};
	rootObject = DE0ACEF028A266EF00F32C36 /* Project object */;
}
